<?xml version="1.0" encoding="utf-8"?>
<Project ToolsVersion="4.0" xmlns="http://schemas.microsoft.com/developer/msbuild/2003">
  <ItemGroup>
    <Filter Include="Scene">
      <UniqueIdentifier>{64cd1f23-cb13-4e29-9eaf-9638e603e3e2}</UniqueIdentifier>
    </Filter>
    <Filter Include="Geometry">
      <UniqueIdentifier>{68ff315b-2d74-475c-98dd-82dfe055cdcd}</UniqueIdentifier>
    </Filter>
    <Filter Include="Math">
      <UniqueIdentifier>{4728038a-4e9a-4432-80ea-c20bc0bd5bfb}</UniqueIdentifier>
    </Filter>
    <Filter Include="Rendering">
      <UniqueIdentifier>{96cd90e1-8c90-4f7c-9b07-e94cdc6680a9}</UniqueIdentifier>
    </Filter>
    <Filter Include="Rendering\Materials">
      <UniqueIdentifier>{2974397b-96f3-455a-902b-01075ac7631e}</UniqueIdentifier>
    </Filter>
  </ItemGroup>
  <ItemGroup>
    <ClCompile Include="src\Scene\SceneNode.cpp">
      <Filter>Scene</Filter>
    </ClCompile>
    <ClCompile Include="src\Geometry\FullscreenQuad.cpp">
      <Filter>Geometry</Filter>
    </ClCompile>
    <ClCompile Include="src\Math\TransformSQT.cpp">
      <Filter>Math</Filter>
    </ClCompile>
    <ClCompile Include="src\Rendering\Materials\MAT_FSquad_FinalComposite.cpp">
      <Filter>Rendering\Materials</Filter>
    </ClCompile>
    <ClCompile Include="src\Rendering\Materials\MAT_FSquad_FXAA.cpp">
      <Filter>Rendering\Materials</Filter>
    </ClCompile>
    <ClCompile Include="src\Rendering\Materials\MAT_FSquad_GaussianBlur.cpp">
      <Filter>Rendering\Materials</Filter>
    </ClCompile>
    <ClCompile Include="src\Rendering\Materials\MAT_FSquad_LumaTimeAdaption.cpp">
      <Filter>Rendering\Materials</Filter>
    </ClCompile>
    <ClCompile Include="src\Rendering\Materials\MAT_FSquad_PointLighting.cpp">
      <Filter>Rendering\Materials</Filter>
    </ClCompile>
    <ClCompile Include="src\Rendering\Materials\MAT_FSquad_Textured.cpp">
      <Filter>Rendering\Materials</Filter>
    </ClCompile>
    <ClCompile Include="src\Rendering\Materials\MAT_FSquad_ToneMapping.cpp">
      <Filter>Rendering\Materials</Filter>
    </ClCompile>
    <ClCompile Include="src\Rendering\Materials\MAT_Pointlight_Illumination.cpp">
      <Filter>Rendering\Materials</Filter>
    </ClCompile>
    <ClCompile Include="src\Rendering\Materials\MAT_Test.cpp">
      <Filter>Rendering\Materials</Filter>
    </ClCompile>
    <ClCompile Include="src\Rendering\Materials\MAT_Textured.cpp">
      <Filter>Rendering\Materials</Filter>
    </ClCompile>
    <ClCompile Include="src\Rendering\Materials\MAT_TexturedNormal.cpp">
      <Filter>Rendering\Materials</Filter>
    </ClCompile>
    <ClCompile Include="src\Rendering\Materials\MAT_TexturedNormalSpecular.cpp">
      <Filter>Rendering\Materials</Filter>
    </ClCompile>
    <ClCompile Include="src\Rendering\Materials\MAT_Colored.cpp">
      <Filter>Rendering\Materials</Filter>
    </ClCompile>
    <ClCompile Include="src\Rendering\Materials\MAT_FSquad_Bloom.cpp">
      <Filter>Rendering\Materials</Filter>
    </ClCompile>
    <ClCompile Include="src\Rendering\Materials\MAT_FSquad_BrightPass.cpp">
      <Filter>Rendering\Materials</Filter>
    </ClCompile>
    <ClCompile Include="src\Rendering\Materials\MAT_FSquad_DirLighting.cpp">
      <Filter>Rendering\Materials</Filter>
    </ClCompile>
    <ClCompile Include="src\Rendering\Pass_GaussianBlur.cpp">
      <Filter>Rendering</Filter>
    </ClCompile>
    <ClCompile Include="src\Rendering\GLDeferredRenderer.cpp">
      <Filter>Rendering</Filter>
    </ClCompile>
    <ClCompile Include="src\Scene\Entity.cpp">
      <Filter>Scene</Filter>
    </ClCompile>
    <ClCompile Include="src\Scene\SceneManager.cpp">
      <Filter>Scene</Filter>
    </ClCompile>
    <ClCompile Include="src\Scene\BaseRenderableObject.cpp">
      <Filter>Scene</Filter>
    </ClCompile>
    <ClCompile Include="src\Engine.cpp" />
    <ClCompile Include="src\main.cpp" />
    <ClCompile Include="src\Scene\NodeRegistry.cpp">
      <Filter>Scene</Filter>
    </ClCompile>
    <ClCompile Include="src\Scene\ObjectRegistry.cpp">
      <Filter>Scene</Filter>
    </ClCompile>
  </ItemGroup>
  <ItemGroup>
    <ClInclude Include="src\Scene\SceneNode.h">
      <Filter>Scene</Filter>
    </ClInclude>
    <ClInclude Include="src\Geometry\FullscreenQuad.h">
      <Filter>Geometry</Filter>
    </ClInclude>
    <ClInclude Include="src\Math\TransformSQT.h">
      <Filter>Math</Filter>
    </ClInclude>
    <ClInclude Include="src\Rendering\Materials\MAT_FSquad_FinalComposite.h">
      <Filter>Rendering\Materials</Filter>
    </ClInclude>
    <ClInclude Include="src\Rendering\Materials\MAT_FSquad_FXAA.h">
      <Filter>Rendering\Materials</Filter>
    </ClInclude>
    <ClInclude Include="src\Rendering\Materials\MAT_FSquad_GaussianBlur.h">
      <Filter>Rendering\Materials</Filter>
    </ClInclude>
    <ClInclude Include="src\Rendering\Materials\MAT_FSquad_LumaTimeAdaption.h">
      <Filter>Rendering\Materials</Filter>
    </ClInclude>
    <ClInclude Include="src\Rendering\Materials\MAT_FSquad_PointLighting.h">
      <Filter>Rendering\Materials</Filter>
    </ClInclude>
    <ClInclude Include="src\Rendering\Materials\MAT_FSquad_Textured.h">
      <Filter>Rendering\Materials</Filter>
    </ClInclude>
    <ClInclude Include="src\Rendering\Materials\MAT_FSquad_ToneMapping.h">
      <Filter>Rendering\Materials</Filter>
    </ClInclude>
    <ClInclude Include="src\Rendering\Materials\MAT_Pointlight_Illumination.h">
      <Filter>Rendering\Materials</Filter>
    </ClInclude>
    <ClInclude Include="src\Rendering\Materials\MAT_Test.h">
      <Filter>Rendering\Materials</Filter>
    </ClInclude>
    <ClInclude Include="src\Rendering\Materials\MAT_Textured.h">
      <Filter>Rendering\Materials</Filter>
    </ClInclude>
    <ClInclude Include="src\Rendering\Materials\MAT_TexturedNormal.h">
      <Filter>Rendering\Materials</Filter>
    </ClInclude>
    <ClInclude Include="src\Rendering\Materials\MAT_TexturedNormalSpecular.h">
      <Filter>Rendering\Materials</Filter>
    </ClInclude>
    <ClInclude Include="src\Rendering\Materials\MAT_Colored.h">
      <Filter>Rendering\Materials</Filter>
    </ClInclude>
    <ClInclude Include="src\Rendering\Materials\MAT_FSquad_Bloom.h">
      <Filter>Rendering\Materials</Filter>
    </ClInclude>
    <ClInclude Include="src\Rendering\Materials\MAT_FSquad_BrightPass.h">
      <Filter>Rendering\Materials</Filter>
    </ClInclude>
    <ClInclude Include="src\Rendering\Materials\MAT_FSquad_DirLighting.h">
      <Filter>Rendering\Materials</Filter>
    </ClInclude>
    <ClInclude Include="src\Rendering\GLDeferredRenderer.h">
      <Filter>Rendering</Filter>
    </ClInclude>
    <ClInclude Include="src\Rendering\Pass_GaussianBlur.h">
      <Filter>Rendering</Filter>
    </ClInclude>
    <ClInclude Include="src\Scene\Entity.h">
      <Filter>Scene</Filter>
    </ClInclude>
    <ClInclude Include="src\Scene\SceneManager.h">
      <Filter>Scene</Filter>
    </ClInclude>
    <ClInclude Include="src\Scene\BaseRenderableObject.h">
      <Filter>Scene</Filter>
    </ClInclude>
    <ClInclude Include="src\Engine.h" />
    <ClInclude Include="src\Scene\NodeRegistry.h">
      <Filter>Scene</Filter>
    </ClInclude>
    <ClInclude Include="src\Scene\ObjectRegistry.h">
      <Filter>Scene</Filter>
    </ClInclude>
  </ItemGroup>
</Project>