<?xml version="1.0" encoding="utf-8"?>
<Project ToolsVersion="4.0" xmlns="http://schemas.microsoft.com/developer/msbuild/2003">
  <ItemGroup>
    <ClCompile Include="Scene\BaseRenderableObject.cpp">
      <Filter>Scene</Filter>
    </ClCompile>
    <ClCompile Include="Scene\Entity.cpp">
      <Filter>Scene</Filter>
    </ClCompile>
    <ClCompile Include="Scene\NodeRegistry.cpp">
      <Filter>Scene</Filter>
    </ClCompile>
    <ClCompile Include="Scene\ObjectRegistry.cpp">
      <Filter>Scene</Filter>
    </ClCompile>
    <ClCompile Include="Scene\SceneLoader.cpp">
      <Filter>Scene</Filter>
    </ClCompile>
    <ClCompile Include="Scene\SceneManager.cpp">
      <Filter>Scene</Filter>
    </ClCompile>
    <ClCompile Include="Scene\SceneNode.cpp">
      <Filter>Scene</Filter>
    </ClCompile>
    <ClCompile Include="Math\TransformSQT.cpp">
      <Filter>Math</Filter>
    </ClCompile>
    <ClCompile Include="Geometry\FullscreenQuad.cpp">
      <Filter>Geometry</Filter>
    </ClCompile>
    <ClCompile Include="Rendering\Pass_GaussianBlur.cpp">
      <Filter>Rendering</Filter>
    </ClCompile>
    <ClCompile Include="Rendering\GLDeferredRenderer.cpp">
      <Filter>Rendering</Filter>
    </ClCompile>
    <ClCompile Include="Rendering\Materials\MAT_Test.cpp">
      <Filter>Rendering\Materials</Filter>
    </ClCompile>
    <ClCompile Include="Rendering\Materials\MAT_Textured.cpp">
      <Filter>Rendering\Materials</Filter>
    </ClCompile>
    <ClCompile Include="Rendering\Materials\MAT_TexturedNormal.cpp">
      <Filter>Rendering\Materials</Filter>
    </ClCompile>
    <ClCompile Include="Rendering\Materials\MAT_TexturedNormalSpecular.cpp">
      <Filter>Rendering\Materials</Filter>
    </ClCompile>
    <ClCompile Include="Rendering\Materials\MAT_Colored.cpp">
      <Filter>Rendering\Materials</Filter>
    </ClCompile>
    <ClCompile Include="Rendering\Materials\MAT_FSquad_Bloom.cpp">
      <Filter>Rendering\Materials</Filter>
    </ClCompile>
    <ClCompile Include="Rendering\Materials\MAT_FSquad_BrightPass.cpp">
      <Filter>Rendering\Materials</Filter>
    </ClCompile>
    <ClCompile Include="Rendering\Materials\MAT_FSquad_DirLighting.cpp">
      <Filter>Rendering\Materials</Filter>
    </ClCompile>
    <ClCompile Include="Rendering\Materials\MAT_FSquad_FinalComposite.cpp">
      <Filter>Rendering\Materials</Filter>
    </ClCompile>
    <ClCompile Include="Rendering\Materials\MAT_FSquad_FXAA.cpp">
      <Filter>Rendering\Materials</Filter>
    </ClCompile>
    <ClCompile Include="Rendering\Materials\MAT_FSquad_GaussianBlur.cpp">
      <Filter>Rendering\Materials</Filter>
    </ClCompile>
    <ClCompile Include="Rendering\Materials\MAT_FSquad_LumaTimeAdaption.cpp">
      <Filter>Rendering\Materials</Filter>
    </ClCompile>
    <ClCompile Include="Rendering\Materials\MAT_FSquad_PointLighting.cpp">
      <Filter>Rendering\Materials</Filter>
    </ClCompile>
    <ClCompile Include="Rendering\Materials\MAT_FSquad_Textured.cpp">
      <Filter>Rendering\Materials</Filter>
    </ClCompile>
    <ClCompile Include="Rendering\Materials\MAT_FSquad_ToneMapping.cpp">
      <Filter>Rendering\Materials</Filter>
    </ClCompile>
    <ClCompile Include="Rendering\Materials\MAT_Pointlight_Illumination.cpp">
      <Filter>Rendering\Materials</Filter>
    </ClCompile>
    <ClCompile Include="Engine.cpp" />
    <ClCompile Include="StdAfx.cpp" />
  </ItemGroup>
  <ItemGroup>
    <ClInclude Include="Scene\SceneNode.h">
      <Filter>Scene</Filter>
    </ClInclude>
    <ClInclude Include="Scene\BaseRenderableObject.h">
      <Filter>Scene</Filter>
    </ClInclude>
    <ClInclude Include="Scene\Entity.h">
      <Filter>Scene</Filter>
    </ClInclude>
    <ClInclude Include="Scene\NodeRegistry.h">
      <Filter>Scene</Filter>
    </ClInclude>
    <ClInclude Include="Scene\ObjectRegistry.h">
      <Filter>Scene</Filter>
    </ClInclude>
    <ClInclude Include="Scene\SceneLoader.h">
      <Filter>Scene</Filter>
    </ClInclude>
    <ClInclude Include="Scene\SceneManager.h">
      <Filter>Scene</Filter>
    </ClInclude>
    <ClInclude Include="Math\TransformSQT.h">
      <Filter>Math</Filter>
    </ClInclude>
    <ClInclude Include="Geometry\FullscreenQuad.h">
      <Filter>Geometry</Filter>
    </ClInclude>
    <ClInclude Include="Rendering\GLDeferredRenderer.h">
      <Filter>Rendering</Filter>
    </ClInclude>
    <ClInclude Include="Rendering\Pass_GaussianBlur.h">
      <Filter>Rendering</Filter>
    </ClInclude>
    <ClInclude Include="Rendering\Materials\MAT_Test.h">
      <Filter>Rendering\Materials</Filter>
    </ClInclude>
    <ClInclude Include="Rendering\Materials\MAT_Textured.h">
      <Filter>Rendering\Materials</Filter>
    </ClInclude>
    <ClInclude Include="Rendering\Materials\MAT_TexturedNormal.h">
      <Filter>Rendering\Materials</Filter>
    </ClInclude>
    <ClInclude Include="Rendering\Materials\MAT_TexturedNormalSpecular.h">
      <Filter>Rendering\Materials</Filter>
    </ClInclude>
    <ClInclude Include="Rendering\Materials\MAT_Colored.h">
      <Filter>Rendering\Materials</Filter>
    </ClInclude>
    <ClInclude Include="Rendering\Materials\MAT_FSquad_Bloom.h">
      <Filter>Rendering\Materials</Filter>
    </ClInclude>
    <ClInclude Include="Rendering\Materials\MAT_FSquad_BrightPass.h">
      <Filter>Rendering\Materials</Filter>
    </ClInclude>
    <ClInclude Include="Rendering\Materials\MAT_FSquad_DirLighting.h">
      <Filter>Rendering\Materials</Filter>
    </ClInclude>
    <ClInclude Include="Rendering\Materials\MAT_FSquad_FinalComposite.h">
      <Filter>Rendering\Materials</Filter>
    </ClInclude>
    <ClInclude Include="Rendering\Materials\MAT_FSquad_FXAA.h">
      <Filter>Rendering\Materials</Filter>
    </ClInclude>
    <ClInclude Include="Rendering\Materials\MAT_FSquad_GaussianBlur.h">
      <Filter>Rendering\Materials</Filter>
    </ClInclude>
    <ClInclude Include="Rendering\Materials\MAT_FSquad_LumaTimeAdaption.h">
      <Filter>Rendering\Materials</Filter>
    </ClInclude>
    <ClInclude Include="Rendering\Materials\MAT_FSquad_PointLighting.h">
      <Filter>Rendering\Materials</Filter>
    </ClInclude>
    <ClInclude Include="Rendering\Materials\MAT_FSquad_Textured.h">
      <Filter>Rendering\Materials</Filter>
    </ClInclude>
    <ClInclude Include="Rendering\Materials\MAT_FSquad_ToneMapping.h">
      <Filter>Rendering\Materials</Filter>
    </ClInclude>
    <ClInclude Include="Rendering\Materials\MAT_Pointlight_Illumination.h">
      <Filter>Rendering\Materials</Filter>
    </ClInclude>
    <ClInclude Include="Engine.h" />
  </ItemGroup>
  <ItemGroup>
    <Filter Include="Scene">
      <UniqueIdentifier>{08743cec-476b-4b68-aa35-ce0252835491}</UniqueIdentifier>
    </Filter>
    <Filter Include="Math">
      <UniqueIdentifier>{569362c7-87ac-474b-8671-291281c5cc59}</UniqueIdentifier>
    </Filter>
    <Filter Include="Geometry">
      <UniqueIdentifier>{348da269-fdc7-4ce2-9056-e3714df12ac2}</UniqueIdentifier>
    </Filter>
    <Filter Include="Rendering">
      <UniqueIdentifier>{d6f75e72-709b-4854-a846-324e51e4145b}</UniqueIdentifier>
    </Filter>
    <Filter Include="Rendering\Materials">
      <UniqueIdentifier>{75f72f59-bcf8-4e84-bc4d-6b4bd293fe31}</UniqueIdentifier>
    </Filter>
  </ItemGroup>
</Project>