
Microsoft Visual Studio Solution File, Format Version 12.00
# Visual Studio 15
VisualStudioVersion = 15.0.27703.2047
MinimumVisualStudioVersion = 10.0.40219.1
Project("{8BC9CEB8-8B4A-11D0-8D11-00A0C91BC942}") = "fancy_core", "fancy_core\fancy_core.vcxproj", "{0562FEBF-6FA8-4ABD-8FF9-D7B3B8A889FD}"
EndProject
Project("{8BC9CEB8-8B4A-11D0-8D11-00A0C91BC942}") = "fancy_imgui", "fancy_imgui\fancy_imgui.vcxproj", "{FF76404D-47A9-485A-92B8-3373CEBF2CCA}"
EndProject
Project("{2150E333-8FDC-42A3-9474-1A3956D46DE8}") = "Applications", "Applications", "{16A64A43-402F-4FDE-ACF1-C4BA6C61E206}"
EndProject
Project("{2150E333-8FDC-42A3-9474-1A3956D46DE8}") = "Engine", "Engine", "{2225417A-5977-4F16-BD58-4EEB4148C5C4}"
EndProject
Project("{8BC9CEB8-8B4A-11D0-8D11-00A0C91BC942}") = "ForwardPlus_Rendering", "app_forwardplus\app_forwardplus.vcxproj", "{B3C6A367-918F-48DF-BC25-E21285968B96}"
	ProjectSection(ProjectDependencies) = postProject
		{FF76404D-47A9-485A-92B8-3373CEBF2CCA} = {FF76404D-47A9-485A-92B8-3373CEBF2CCA}
	EndProjectSection
EndProject
Project("{8BC9CEB8-8B4A-11D0-8D11-00A0C91BC942}") = "fancy_assets", "fancy_assets\fancy_assets.vcxproj", "{6563CF80-D62B-4FEF-AA20-B0EF4C811F85}"
EndProject
Project("{8BC9CEB8-8B4A-11D0-8D11-00A0C91BC942}") = "Modelviewer", "app_modelviewer\app_modelviewer.vcxproj", "{DDE10A64-93B8-4827-B1BA-FA3040B3CF63}"
	ProjectSection(ProjectDependencies) = postProject
		{6563CF80-D62B-4FEF-AA20-B0EF4C811F85} = {6563CF80-D62B-4FEF-AA20-B0EF4C811F85}
	EndProjectSection
EndProject
Project("{8BC9CEB8-8B4A-11D0-8D11-00A0C91BC942}") = "Mipmapping", "Mipmapping\Mipmapping.vcxproj", "{A687B1BB-987E-407A-833D-BA63FC843733}"
	ProjectSection(ProjectDependencies) = postProject
		{FF76404D-47A9-485A-92B8-3373CEBF2CCA} = {FF76404D-47A9-485A-92B8-3373CEBF2CCA}
		{6563CF80-D62B-4FEF-AA20-B0EF4C811F85} = {6563CF80-D62B-4FEF-AA20-B0EF4C811F85}
	EndProjectSection
EndProject
Project("{8BC9CEB8-8B4A-11D0-8D11-00A0C91BC942}") = "Tests", "Tests\Tests.vcxproj", "{30329206-DA4B-4E1E-82B3-92900430E04E}"
	ProjectSection(ProjectDependencies) = postProject
		{FF76404D-47A9-485A-92B8-3373CEBF2CCA} = {FF76404D-47A9-485A-92B8-3373CEBF2CCA}
		{6563CF80-D62B-4FEF-AA20-B0EF4C811F85} = {6563CF80-D62B-4FEF-AA20-B0EF4C811F85}
		{B4A2CADB-79AC-4C86-8917-D43189835052} = {B4A2CADB-79AC-4C86-8917-D43189835052}
	EndProjectSection
EndProject
Project("{2150E333-8FDC-42A3-9474-1A3956D46DE8}") = "Framework", "Framework", "{799588CA-2F81-4E4A-8EE0-5FF0C459956C}"
EndProject
Project("{8BC9CEB8-8B4A-11D0-8D11-00A0C91BC942}") = "app_framework", "app_framework\app_framework.vcxproj", "{B4A2CADB-79AC-4C86-8917-D43189835052}"
	ProjectSection(ProjectDependencies) = postProject
		{FF76404D-47A9-485A-92B8-3373CEBF2CCA} = {FF76404D-47A9-485A-92B8-3373CEBF2CCA}
		{6563CF80-D62B-4FEF-AA20-B0EF4C811F85} = {6563CF80-D62B-4FEF-AA20-B0EF4C811F85}
		{0562FEBF-6FA8-4ABD-8FF9-D7B3B8A889FD} = {0562FEBF-6FA8-4ABD-8FF9-D7B3B8A889FD}
	EndProjectSection
EndProject
Global
	GlobalSection(SolutionConfigurationPlatforms) = preSolution
		Debug_DX12|Mixed Platforms = Debug_DX12|Mixed Platforms
		Debug_DX12|Win32 = Debug_DX12|Win32
		Debug_DX12|x64 = Debug_DX12|x64
	EndGlobalSection
	GlobalSection(ProjectConfigurationPlatforms) = postSolution
		{0562FEBF-6FA8-4ABD-8FF9-D7B3B8A889FD}.Debug_DX12|Mixed Platforms.ActiveCfg = Debug_DX12|x64
		{0562FEBF-6FA8-4ABD-8FF9-D7B3B8A889FD}.Debug_DX12|Mixed Platforms.Build.0 = Debug_DX12|x64
		{0562FEBF-6FA8-4ABD-8FF9-D7B3B8A889FD}.Debug_DX12|Win32.ActiveCfg = Debug_DX12|x64
		{0562FEBF-6FA8-4ABD-8FF9-D7B3B8A889FD}.Debug_DX12|x64.ActiveCfg = Debug_DX12|x64
		{0562FEBF-6FA8-4ABD-8FF9-D7B3B8A889FD}.Debug_DX12|x64.Build.0 = Debug_DX12|x64
		{FF76404D-47A9-485A-92B8-3373CEBF2CCA}.Debug_DX12|Mixed Platforms.ActiveCfg = Debug_DX12|x64
		{FF76404D-47A9-485A-92B8-3373CEBF2CCA}.Debug_DX12|Mixed Platforms.Build.0 = Debug_DX12|x64
		{FF76404D-47A9-485A-92B8-3373CEBF2CCA}.Debug_DX12|Win32.ActiveCfg = Debug_DX12|x64
		{FF76404D-47A9-485A-92B8-3373CEBF2CCA}.Debug_DX12|x64.ActiveCfg = Debug_DX12|x64
		{FF76404D-47A9-485A-92B8-3373CEBF2CCA}.Debug_DX12|x64.Build.0 = Debug_DX12|x64
		{B3C6A367-918F-48DF-BC25-E21285968B96}.Debug_DX12|Mixed Platforms.ActiveCfg = Debug_DX12|x64
		{B3C6A367-918F-48DF-BC25-E21285968B96}.Debug_DX12|Mixed Platforms.Build.0 = Debug_DX12|x64
		{B3C6A367-918F-48DF-BC25-E21285968B96}.Debug_DX12|Win32.ActiveCfg = Debug_DX12|x64
		{B3C6A367-918F-48DF-BC25-E21285968B96}.Debug_DX12|x64.ActiveCfg = Debug_DX12|x64
		{B3C6A367-918F-48DF-BC25-E21285968B96}.Debug_DX12|x64.Build.0 = Debug_DX12|x64
		{6563CF80-D62B-4FEF-AA20-B0EF4C811F85}.Debug_DX12|Mixed Platforms.ActiveCfg = Debug_DX12|x64
		{6563CF80-D62B-4FEF-AA20-B0EF4C811F85}.Debug_DX12|Mixed Platforms.Build.0 = Debug_DX12|x64
		{6563CF80-D62B-4FEF-AA20-B0EF4C811F85}.Debug_DX12|Win32.ActiveCfg = Debug_DX12|x64
		{6563CF80-D62B-4FEF-AA20-B0EF4C811F85}.Debug_DX12|x64.ActiveCfg = Debug_DX12|x64
		{6563CF80-D62B-4FEF-AA20-B0EF4C811F85}.Debug_DX12|x64.Build.0 = Debug_DX12|x64
		{DDE10A64-93B8-4827-B1BA-FA3040B3CF63}.Debug_DX12|Mixed Platforms.ActiveCfg = Debug_DX12|x64
		{DDE10A64-93B8-4827-B1BA-FA3040B3CF63}.Debug_DX12|Mixed Platforms.Build.0 = Debug_DX12|x64
		{DDE10A64-93B8-4827-B1BA-FA3040B3CF63}.Debug_DX12|Win32.ActiveCfg = Debug_DX12|x64
		{DDE10A64-93B8-4827-B1BA-FA3040B3CF63}.Debug_DX12|x64.ActiveCfg = Debug_DX12|x64
		{DDE10A64-93B8-4827-B1BA-FA3040B3CF63}.Debug_DX12|x64.Build.0 = Debug_DX12|x64
		{A687B1BB-987E-407A-833D-BA63FC843733}.Debug_DX12|Mixed Platforms.ActiveCfg = Debug_DX12|x64
		{A687B1BB-987E-407A-833D-BA63FC843733}.Debug_DX12|Mixed Platforms.Build.0 = Debug_DX12|x64
		{A687B1BB-987E-407A-833D-BA63FC843733}.Debug_DX12|Win32.ActiveCfg = Debug_DX12|x64
		{A687B1BB-987E-407A-833D-BA63FC843733}.Debug_DX12|x64.ActiveCfg = Debug_DX12|x64
		{A687B1BB-987E-407A-833D-BA63FC843733}.Debug_DX12|x64.Build.0 = Debug_DX12|x64
		{30329206-DA4B-4E1E-82B3-92900430E04E}.Debug_DX12|Mixed Platforms.ActiveCfg = Debug_DX12|x64
		{30329206-DA4B-4E1E-82B3-92900430E04E}.Debug_DX12|Mixed Platforms.Build.0 = Debug_DX12|x64
		{30329206-DA4B-4E1E-82B3-92900430E04E}.Debug_DX12|Win32.ActiveCfg = Debug_DX12|x64
		{30329206-DA4B-4E1E-82B3-92900430E04E}.Debug_DX12|x64.ActiveCfg = Debug_DX12|x64
		{30329206-DA4B-4E1E-82B3-92900430E04E}.Debug_DX12|x64.Build.0 = Debug_DX12|x64
		{B4A2CADB-79AC-4C86-8917-D43189835052}.Debug_DX12|Mixed Platforms.ActiveCfg = Debug_DX12|x64
		{B4A2CADB-79AC-4C86-8917-D43189835052}.Debug_DX12|Mixed Platforms.Build.0 = Debug_DX12|x64
		{B4A2CADB-79AC-4C86-8917-D43189835052}.Debug_DX12|Win32.ActiveCfg = Debug_DX12|x64
		{B4A2CADB-79AC-4C86-8917-D43189835052}.Debug_DX12|x64.ActiveCfg = Debug_DX12|x64
		{B4A2CADB-79AC-4C86-8917-D43189835052}.Debug_DX12|x64.Build.0 = Debug_DX12|x64
	EndGlobalSection
	GlobalSection(SolutionProperties) = preSolution
		HideSolutionNode = FALSE
	EndGlobalSection
	GlobalSection(NestedProjects) = preSolution
		{0562FEBF-6FA8-4ABD-8FF9-D7B3B8A889FD} = {2225417A-5977-4F16-BD58-4EEB4148C5C4}
		{FF76404D-47A9-485A-92B8-3373CEBF2CCA} = {2225417A-5977-4F16-BD58-4EEB4148C5C4}
		{B3C6A367-918F-48DF-BC25-E21285968B96} = {16A64A43-402F-4FDE-ACF1-C4BA6C61E206}
		{6563CF80-D62B-4FEF-AA20-B0EF4C811F85} = {2225417A-5977-4F16-BD58-4EEB4148C5C4}
		{DDE10A64-93B8-4827-B1BA-FA3040B3CF63} = {16A64A43-402F-4FDE-ACF1-C4BA6C61E206}
		{A687B1BB-987E-407A-833D-BA63FC843733} = {16A64A43-402F-4FDE-ACF1-C4BA6C61E206}
		{30329206-DA4B-4E1E-82B3-92900430E04E} = {16A64A43-402F-4FDE-ACF1-C4BA6C61E206}
		{B4A2CADB-79AC-4C86-8917-D43189835052} = {799588CA-2F81-4E4A-8EE0-5FF0C459956C}
	EndGlobalSection
	GlobalSection(ExtensibilityGlobals) = postSolution
		SolutionGuid = {0EBD04EB-3D2D-4C87-B6CB-5CC6D8FF0148}
	EndGlobalSection
EndGlobal
