
Microsoft Visual Studio Solution File, Format Version 12.00
# Visual Studio 15
VisualStudioVersion = 15.0.27703.2047
MinimumVisualStudioVersion = 10.0.40219.1
Project("{8BC9CEB8-8B4A-11D0-8D11-00A0C91BC942}") = "fancy_core", "fancy_core\fancy_core.vcxproj", "{0562FEBF-6FA8-4ABD-8FF9-D7B3B8A889FD}"
EndProject
Project("{8BC9CEB8-8B4A-11D0-8D11-00A0C91BC942}") = "fancy_imgui", "fancy_imgui\fancy_imgui.vcxproj", "{FF76404D-47A9-485A-92B8-3373CEBF2CCA}"
EndProject
Project("{2150E333-8FDC-42A3-9474-1A3956D46DE8}") = "Applications", "Applications", "{16A64A43-402F-4FDE-ACF1-C4BA6C61E206}"
EndProject
Project("{2150E333-8FDC-42A3-9474-1A3956D46DE8}") = "Engine", "Engine", "{2225417A-5977-4F16-BD58-4EEB4148C5C4}"
EndProject
Project("{8BC9CEB8-8B4A-11D0-8D11-00A0C91BC942}") = "Tests", "Tests\Tests.vcxproj", "{30329206-DA4B-4E1E-82B3-92900430E04E}"
	ProjectSection(ProjectDependencies) = postProject
		{FF76404D-47A9-485A-92B8-3373CEBF2CCA} = {FF76404D-47A9-485A-92B8-3373CEBF2CCA}
	EndProjectSection
EndProject
Global
	GlobalSection(SolutionConfigurationPlatforms) = preSolution
		Debug|Mixed Platforms = Debug|Mixed Platforms
		Debug|Win32 = Debug|Win32
		Debug|x64 = Debug|x64
	EndGlobalSection
	GlobalSection(ProjectConfigurationPlatforms) = postSolution
		{0562FEBF-6FA8-4ABD-8FF9-D7B3B8A889FD}.Debug|Mixed Platforms.ActiveCfg = Debug|x64
		{0562FEBF-6FA8-4ABD-8FF9-D7B3B8A889FD}.Debug|Mixed Platforms.Build.0 = Debug|x64
		{0562FEBF-6FA8-4ABD-8FF9-D7B3B8A889FD}.Debug|Win32.ActiveCfg = Debug|x64
		{0562FEBF-6FA8-4ABD-8FF9-D7B3B8A889FD}.Debug|x64.ActiveCfg = Debug|x64
		{0562FEBF-6FA8-4ABD-8FF9-D7B3B8A889FD}.Debug|x64.Build.0 = Debug|x64
		{FF76404D-47A9-485A-92B8-3373CEBF2CCA}.Debug|Mixed Platforms.ActiveCfg = Debug|x64
		{FF76404D-47A9-485A-92B8-3373CEBF2CCA}.Debug|Mixed Platforms.Build.0 = Debug|x64
		{FF76404D-47A9-485A-92B8-3373CEBF2CCA}.Debug|Win32.ActiveCfg = Debug|x64
		{FF76404D-47A9-485A-92B8-3373CEBF2CCA}.Debug|x64.ActiveCfg = Debug|x64
		{FF76404D-47A9-485A-92B8-3373CEBF2CCA}.Debug|x64.Build.0 = Debug|x64
		{30329206-DA4B-4E1E-82B3-92900430E04E}.Debug|Mixed Platforms.ActiveCfg = Debug|x64
		{30329206-DA4B-4E1E-82B3-92900430E04E}.Debug|Mixed Platforms.Build.0 = Debug|x64
		{30329206-DA4B-4E1E-82B3-92900430E04E}.Debug|Win32.ActiveCfg = Debug|x64
		{30329206-DA4B-4E1E-82B3-92900430E04E}.Debug|x64.ActiveCfg = Debug|x64
		{30329206-DA4B-4E1E-82B3-92900430E04E}.Debug|x64.Build.0 = Debug|x64
	EndGlobalSection
	GlobalSection(SolutionProperties) = preSolution
		HideSolutionNode = FALSE
	EndGlobalSection
	GlobalSection(NestedProjects) = preSolution
		{0562FEBF-6FA8-4ABD-8FF9-D7B3B8A889FD} = {2225417A-5977-4F16-BD58-4EEB4148C5C4}
		{FF76404D-47A9-485A-92B8-3373CEBF2CCA} = {2225417A-5977-4F16-BD58-4EEB4148C5C4}
		{30329206-DA4B-4E1E-82B3-92900430E04E} = {16A64A43-402F-4FDE-ACF1-C4BA6C61E206}
	EndGlobalSection
	GlobalSection(ExtensibilityGlobals) = postSolution
		SolutionGuid = {0EBD04EB-3D2D-4C87-B6CB-5CC6D8FF0148}
	EndGlobalSection
EndGlobal
