<?xml version="1.0" encoding="utf-8"?>
<Project ToolsVersion="4.0" xmlns="http://schemas.microsoft.com/developer/msbuild/2003">
  <ItemGroup>
    <Filter Include="stb">
      <UniqueIdentifier>{41d42ed3-0d58-4865-94a8-61d4a687b7a9}</UniqueIdentifier>
    </Filter>
  </ItemGroup>
  <ItemGroup>
    <ClInclude Include="Material.h" />
    <ClInclude Include="Model.h" />
    <ClInclude Include="ModelLoader.h" />
    <ClInclude Include="MaterialDesc.h" />
    <ClInclude Include="ModelDesc.h" />
    <ClInclude Include="MaterialSemantics.h" />
    <ClInclude Include="AssetManager.h" />
    <ClInclude Include="stb\stb_image.h">
      <Filter>stb</Filter>
    </ClInclude>
    <ClInclude Include="ImageLoader.h" />
    <ClInclude Include="fancy_assets_precompile.h" />
  </ItemGroup>
  <ItemGroup>
    <ClCompile Include="Material.cpp" />
    <ClCompile Include="Model.cpp" />
    <ClCompile Include="ModelLoader.cpp" />
    <ClCompile Include="MaterialDesc.cpp" />
    <ClCompile Include="ModelDesc.cpp" />
    <ClCompile Include="AssetManager.cpp" />
    <ClCompile Include="ImageLoader.cpp" />
    <ClCompile Include="fancy_assets_precompile.cpp" />
  </ItemGroup>
</Project>