<?xml version="1.0" encoding="utf-8"?>
<Project ToolsVersion="4.0" xmlns="http://schemas.microsoft.com/developer/msbuild/2003">
  <ItemGroup>
    <Filter Include="src">
      <UniqueIdentifier>{119cc715-1dea-4811-898b-fe3023e1235c}</UniqueIdentifier>
    </Filter>
    <Filter Include="src\Events">
      <UniqueIdentifier>{9b0a9dd7-966c-4fac-bd0c-a8acb63597b8}</UniqueIdentifier>
    </Filter>
    <Filter Include="src\Geometry">
      <UniqueIdentifier>{340c6814-d612-47da-81dc-e6ea8b472501}</UniqueIdentifier>
    </Filter>
    <Filter Include="src\IO">
      <UniqueIdentifier>{990c5dcb-5526-4cef-b515-f87e35f68960}</UniqueIdentifier>
    </Filter>
    <Filter Include="src\Light">
      <UniqueIdentifier>{ae8fe043-4f0a-4c21-b046-476bb9586017}</UniqueIdentifier>
    </Filter>
    <Filter Include="src\Math">
      <UniqueIdentifier>{0e81bbff-939f-4888-beca-f1e9da033136}</UniqueIdentifier>
    </Filter>
    <Filter Include="src\Rendering">
      <UniqueIdentifier>{d9225510-fb7f-4a95-b266-11c8d6d6a5f5}</UniqueIdentifier>
    </Filter>
    <Filter Include="src\Scene">
      <UniqueIdentifier>{a1301d1b-a562-42a8-892e-1926a06fee96}</UniqueIdentifier>
    </Filter>
    <Filter Include="src\Services">
      <UniqueIdentifier>{ce0164dc-b8f4-40a0-b4fe-071f60cbf95a}</UniqueIdentifier>
    </Filter>
    <Filter Include="src\Rendering\Managers">
      <UniqueIdentifier>{26873394-966d-4fcc-ba71-cf0b1ece1025}</UniqueIdentifier>
    </Filter>
    <Filter Include="src\Rendering\Materials">
      <UniqueIdentifier>{02afd460-d464-4297-89fa-2f2bc1776a23}</UniqueIdentifier>
    </Filter>
  </ItemGroup>
  <ItemGroup>
    <ClInclude Include="src\Includes.h">
      <Filter>src</Filter>
    </ClInclude>
    <ClInclude Include="src\Events\Events.h">
      <Filter>src\Events</Filter>
    </ClInclude>
    <ClInclude Include="src\Geometry\BaseGeometryObject.h">
      <Filter>src\Geometry</Filter>
    </ClInclude>
    <ClInclude Include="src\Geometry\Mesh.h">
      <Filter>src\Geometry</Filter>
    </ClInclude>
    <ClInclude Include="src\Geometry\VertexDeclarations.h">
      <Filter>src\Geometry</Filter>
    </ClInclude>
    <ClInclude Include="src\IO\FileReader.h">
      <Filter>src\IO</Filter>
    </ClInclude>
    <ClInclude Include="src\IO\GLSLpreprocessor.h">
      <Filter>src\IO</Filter>
    </ClInclude>
    <ClInclude Include="src\IO\ModelLoader.h">
      <Filter>src\IO</Filter>
    </ClInclude>
    <ClInclude Include="src\IO\ModelLoader_LogStream.h">
      <Filter>src\IO</Filter>
    </ClInclude>
    <ClInclude Include="src\IO\PathService.h">
      <Filter>src\IO</Filter>
    </ClInclude>
    <ClInclude Include="src\IO\ShaderLoader.h">
      <Filter>src\IO</Filter>
    </ClInclude>
    <ClInclude Include="src\IO\TextureLoader.h">
      <Filter>src\IO</Filter>
    </ClInclude>
    <ClInclude Include="src\IO\TextureTGA.h">
      <Filter>src\IO</Filter>
    </ClInclude>
    <ClInclude Include="src\Light\DirectionalLight.h">
      <Filter>src\Light</Filter>
    </ClInclude>
    <ClInclude Include="src\Light\Light.h">
      <Filter>src\Light</Filter>
    </ClInclude>
    <ClInclude Include="src\Light\PointLight.h">
      <Filter>src\Light</Filter>
    </ClInclude>
    <ClInclude Include="src\Light\SpotLight.h">
      <Filter>src\Light</Filter>
    </ClInclude>
    <ClInclude Include="src\Math\QuaternionService.h">
      <Filter>src\Math</Filter>
    </ClInclude>
    <ClInclude Include="src\Rendering\GLRenderer.h">
      <Filter>src\Rendering</Filter>
    </ClInclude>
    <ClInclude Include="src\Rendering\GLTexture.h">
      <Filter>src\Rendering</Filter>
    </ClInclude>
    <ClInclude Include="src\Rendering\IUniform.h">
      <Filter>src\Rendering</Filter>
    </ClInclude>
    <ClInclude Include="src\Rendering\IUniformObserver.h">
      <Filter>src\Rendering</Filter>
    </ClInclude>
    <ClInclude Include="src\Rendering\Shader.h">
      <Filter>src\Rendering</Filter>
    </ClInclude>
    <ClInclude Include="src\Rendering\ShaderSemantics.h">
      <Filter>src\Rendering</Filter>
    </ClInclude>
    <ClInclude Include="src\Rendering\TextureIncludes.h">
      <Filter>src\Rendering</Filter>
    </ClInclude>
    <ClInclude Include="src\Rendering\TextureSemantics.h">
      <Filter>src\Rendering</Filter>
    </ClInclude>
    <ClInclude Include="src\Rendering\Uniform.h">
      <Filter>src\Rendering</Filter>
    </ClInclude>
    <ClInclude Include="src\Rendering\UniformRegistry.h">
      <Filter>src\Rendering</Filter>
    </ClInclude>
    <ClInclude Include="src\Rendering\UniformUtil.h">
      <Filter>src\Rendering</Filter>
    </ClInclude>
    <ClInclude Include="src\Scene\AABoundingBox.h">
      <Filter>src\Scene</Filter>
    </ClInclude>
    <ClInclude Include="src\Scene\BoundingSphere.h">
      <Filter>src\Scene</Filter>
    </ClInclude>
    <ClInclude Include="src\Scene\Camera.h">
      <Filter>src\Scene</Filter>
    </ClInclude>
    <ClInclude Include="src\Services\FBOservice.h">
      <Filter>src\Services</Filter>
    </ClInclude>
    <ClInclude Include="src\Services\GLDebug.h">
      <Filter>src\Services</Filter>
    </ClInclude>
    <ClInclude Include="src\Services\NameRegistry.h">
      <Filter>src\Services</Filter>
    </ClInclude>
    <ClInclude Include="src\Rendering\Managers\GLBufferUploader.h">
      <Filter>src\Rendering\Managers</Filter>
    </ClInclude>
    <ClInclude Include="src\Rendering\Managers\GLResourcePathManager.h">
      <Filter>src\Rendering\Managers</Filter>
    </ClInclude>
    <ClInclude Include="src\Rendering\Managers\GLResourceManager.h">
      <Filter>src\Rendering\Managers</Filter>
    </ClInclude>
    <ClInclude Include="src\Rendering\Managers\TextureManager.h">
      <Filter>src\Rendering\Managers</Filter>
    </ClInclude>
    <ClInclude Include="src\Rendering\Materials\Material.h">
      <Filter>src\Rendering\Materials</Filter>
    </ClInclude>
  </ItemGroup>
  <ItemGroup>
    <ClCompile Include="src\Geometry\BaseGeometryObject.cpp">
      <Filter>src\Geometry</Filter>
    </ClCompile>
    <ClCompile Include="src\Geometry\Mesh.cpp">
      <Filter>src\Geometry</Filter>
    </ClCompile>
    <ClCompile Include="src\Geometry\VertexDeclarations.cpp">
      <Filter>src\Geometry</Filter>
    </ClCompile>
    <ClCompile Include="src\IO\FileReader.cpp">
      <Filter>src\IO</Filter>
    </ClCompile>
    <ClCompile Include="src\IO\GLSLpreprocessor.cpp">
      <Filter>src\IO</Filter>
    </ClCompile>
    <ClCompile Include="src\IO\ModelLoader.cpp">
      <Filter>src\IO</Filter>
    </ClCompile>
    <ClCompile Include="src\IO\PathService.cpp">
      <Filter>src\IO</Filter>
    </ClCompile>
    <ClCompile Include="src\IO\ShaderLoader.cpp">
      <Filter>src\IO</Filter>
    </ClCompile>
    <ClCompile Include="src\IO\TextureLoader.cpp">
      <Filter>src\IO</Filter>
    </ClCompile>
    <ClCompile Include="src\IO\TextureTGA.cpp">
      <Filter>src\IO</Filter>
    </ClCompile>
    <ClCompile Include="src\Light\DirectionalLight.cpp">
      <Filter>src\Light</Filter>
    </ClCompile>
    <ClCompile Include="src\Light\Light.cpp">
      <Filter>src\Light</Filter>
    </ClCompile>
    <ClCompile Include="src\Light\PointLight.cpp">
      <Filter>src\Light</Filter>
    </ClCompile>
    <ClCompile Include="src\Light\SpotLight.cpp">
      <Filter>src\Light</Filter>
    </ClCompile>
    <ClCompile Include="src\Rendering\GLRenderer.cpp">
      <Filter>src\Rendering</Filter>
    </ClCompile>
    <ClCompile Include="src\Rendering\GLTexture.cpp">
      <Filter>src\Rendering</Filter>
    </ClCompile>
    <ClCompile Include="src\Rendering\Shader.cpp">
      <Filter>src\Rendering</Filter>
    </ClCompile>
    <ClCompile Include="src\Rendering\Uniform.cpp">
      <Filter>src\Rendering</Filter>
    </ClCompile>
    <ClCompile Include="src\Rendering\UniformRegistry.cpp">
      <Filter>src\Rendering</Filter>
    </ClCompile>
    <ClCompile Include="src\Rendering\UniformUtil.cpp">
      <Filter>src\Rendering</Filter>
    </ClCompile>
    <ClCompile Include="src\Scene\AABoundingBox.cpp">
      <Filter>src\Scene</Filter>
    </ClCompile>
    <ClCompile Include="src\Scene\BoundingSphere.cpp">
      <Filter>src\Scene</Filter>
    </ClCompile>
    <ClCompile Include="src\Scene\Camera.cpp">
      <Filter>src\Scene</Filter>
    </ClCompile>
    <ClCompile Include="src\Services\NameRegistry.cpp">
      <Filter>src\Services</Filter>
    </ClCompile>
    <ClCompile Include="src\Rendering\Managers\GLBufferUploader.cpp">
      <Filter>src\Rendering\Managers</Filter>
    </ClCompile>
    <ClCompile Include="src\Rendering\Managers\GLResourceManager.cpp">
      <Filter>src\Rendering\Managers</Filter>
    </ClCompile>
    <ClCompile Include="src\Rendering\Managers\GLResourcePathManager.cpp">
      <Filter>src\Rendering\Managers</Filter>
    </ClCompile>
    <ClCompile Include="src\Rendering\Managers\TextureManager.cpp">
      <Filter>src\Rendering\Managers</Filter>
    </ClCompile>
    <ClCompile Include="src\Rendering\Materials\Material.cpp">
      <Filter>src\Rendering\Materials</Filter>
    </ClCompile>
  </ItemGroup>
</Project>