<?xml version="1.0" encoding="utf-8"?>
<Project ToolsVersion="16.0" xmlns="http://schemas.microsoft.com/developer/msbuild/2003">
  <ItemGroup>
    <ClCompile Include="AdapterDX12.cpp" />
    <ClCompile Include="Annotations.cpp" />
    <ClCompile Include="BinaryCache.cpp" />
    <ClCompile Include="Camera.cpp" />
    <ClCompile Include="CameraController.cpp" />
    <ClCompile Include="CommandAllocatorPoolDX12.cpp" />
    <ClCompile Include="CommandBufferAllocatorVk.cpp" />
    <ClCompile Include="CommandLine.cpp" />
    <ClCompile Include="CommandList.cpp" />
    <ClCompile Include="CommandListDX12.cpp" />
    <ClCompile Include="CommandListVk.cpp" />
    <ClCompile Include="CommandQueue.cpp" />
    <ClCompile Include="CommandQueueDX12.cpp" />
    <ClCompile Include="CommandQueueVk.cpp" />
    <ClCompile Include="DataFormat.cpp" />
    <ClCompile Include="DebugUtilsDX12.cpp" />
    <ClCompile Include="DebugUtilsVk.cpp" />
    <ClCompile Include="DescriptorPoolAllocatorVk.cpp" />
    <ClCompile Include="DxcShaderCompiler.cpp" />
    <ClCompile Include="EASTLAllocator.cpp" />
    <ClCompile Include="EASTLVsnprintf.cpp" />
    <ClCompile Include="Fancy.cpp" />
    <ClCompile Include="fancy_core_precompile.cpp" />
    <ClCompile Include="FileReader.cpp" />
    <ClCompile Include="FileWatcher.cpp" />
    <ClCompile Include="FrameBufferCacheVk.cpp" />
    <ClCompile Include="GlobalDescriptorSetVk.cpp" />
    <ClCompile Include="GpuBuffer.cpp" />
    <ClCompile Include="GpuBufferDX12.cpp" />
    <ClCompile Include="GpuBufferVk.cpp" />
    <ClCompile Include="GpuMemoryAllocatorDX12.cpp" />
    <ClCompile Include="GpuQueryHeap.cpp" />
    <ClCompile Include="GpuQueryHeapDX12.cpp" />
    <ClCompile Include="GpuQueryHeapVk.cpp" />
    <ClCompile Include="GpuReadbackBuffer.cpp" />
    <ClCompile Include="GpuResource.cpp" />
    <ClCompile Include="GpuResourceStateTracking.cpp" />
    <ClCompile Include="GpuRingBuffer.cpp" />
    <ClCompile Include="GraphicsResources.cpp" />
    <ClCompile Include="ImageLoader.cpp" />
    <ClCompile Include="Input.cpp" />
    <ClCompile Include="Material.cpp" />
    <ClCompile Include="MathUtil.cpp" />
    <ClCompile Include="MeshImporter.cpp" />
    <ClCompile Include="ObjectCore.cpp" />
    <ClCompile Include="PagedLinearAllocator.cpp" />
    <ClCompile Include="PathService.cpp" />
    <ClCompile Include="PipelineLayoutCache.cpp" />
    <ClCompile Include="PipelineLayoutVk.cpp" />
    <ClCompile Include="PipelineStateCacheDX12.cpp" />
    <ClCompile Include="PipelineStateCacheVk.cpp" />
    <ClCompile Include="Profiler.cpp" />
    <ClCompile Include="RenderCore.cpp" />
    <ClCompile Include="RenderCore_PlatformDX12.cpp" />
    <ClCompile Include="RenderCore_PlatformVk.cpp" />
    <ClCompile Include="RenderOutput.cpp" />
    <ClCompile Include="RenderOutputDX12.cpp" />
    <ClCompile Include="RenderOutputVk.cpp" />
    <ClCompile Include="RenderPassCacheVk.cpp" />
    <ClCompile Include="RootSignatureDX12.cpp" />
    <ClCompile Include="RtAccelerationStructure.cpp" />
    <ClCompile Include="RtAccelerationStructureDX12.cpp" />
    <ClCompile Include="RtAccelerationStructureVk.cpp" />
    <ClCompile Include="RtPipelineState.cpp" />
    <ClCompile Include="RtPipelineStateDX12.cpp" />
    <ClCompile Include="RtPipelineStateVk.cpp" />
    <ClCompile Include="RtShaderBindingTable.cpp" />
    <ClCompile Include="Scene.cpp" />
    <ClCompile Include="Shader.cpp" />
    <ClCompile Include="ShaderCompiler.cpp" />
    <ClCompile Include="ShaderCompilerDX12.cpp" />
    <ClCompile Include="ShaderCompilerVk.cpp" />
    <ClCompile Include="ShaderDX12.cpp" />
    <ClCompile Include="ShaderPipeline.cpp" />
    <ClCompile Include="ShaderPipelineDX12.cpp" />
    <ClCompile Include="ShaderPipelineVk.cpp" />
    <ClCompile Include="ShaderVisibleDescriptorHeapDX12.cpp" />
    <ClCompile Include="ShaderVk.cpp" />
    <ClCompile Include="StaticDescriptorAllocatorDX12.cpp" />
    <ClCompile Include="StringUtil.cpp" />
    <ClCompile Include="TempResourcePool.cpp" />
    <ClCompile Include="TempResources.cpp" />
    <ClCompile Include="Texture.cpp" />
    <ClCompile Include="TextureData.cpp" />
    <ClCompile Include="TextureDX12.cpp" />
    <ClCompile Include="TextureProperties.cpp" />
    <ClCompile Include="TextureReadbackTask.cpp" />
    <ClCompile Include="TextureSamplerDX12.cpp" />
    <ClCompile Include="TextureSamplerVk.cpp" />
    <ClCompile Include="TextureVk.cpp" />
    <ClCompile Include="TimeManager.cpp" />
    <ClCompile Include="VertexInputLayout.cpp" />
    <ClCompile Include="VertexInputLayoutDesc.cpp" />
    <ClCompile Include="VertexInputLayoutProperties.cpp" />
    <ClCompile Include="Window.cpp" />
  </ItemGroup>
  <ItemGroup>
    <ClInclude Include="AdapterDX12.h" />
    <ClInclude Include="AlignedStorage.h" />
    <ClInclude Include="Annotations.h" />
    <ClInclude Include="BinaryCache.h" />
    <ClInclude Include="BinarySerializer.h" />
    <ClInclude Include="BlendState.h" />
    <ClInclude Include="Callback.h" />
    <ClInclude Include="CallbackSlot.h" />
    <ClInclude Include="Camera.h" />
    <ClInclude Include="CameraController.h" />
    <ClInclude Include="CircularArray.h" />
    <ClInclude Include="CommandAllocatorPoolDX12.h" />
    <ClInclude Include="CommandBufferAllocatorVk.h" />
    <ClInclude Include="CommandLine.h" />
    <ClInclude Include="CommandList.h" />
    <ClInclude Include="CommandListDX12.h" />
    <ClInclude Include="CommandListVk.h" />
    <ClInclude Include="CommandQueue.h" />
    <ClInclude Include="CommandQueueDX12.h" />
    <ClInclude Include="CommandQueueVk.h" />
    <ClInclude Include="DataFormat.h" />
    <ClInclude Include="DataFormatList.h" />
    <ClInclude Include="DataFormatList_Dummy.h" />
    <ClInclude Include="DebugUtilsDX12.h" />
    <ClInclude Include="DebugUtilsVk.h" />
    <ClInclude Include="DepthStencilState.h" />
    <ClInclude Include="DescriptorDX12.h" />
    <ClInclude Include="DescriptorPoolAllocatorVk.h" />
    <ClInclude Include="DX12Prerequisites.h" />
    <ClInclude Include="DxcShaderCompiler.h" />
    <ClInclude Include="EASTLAllocator.h" />
    <ClInclude Include="Fancy.h" />
    <ClInclude Include="FancyCoreDefines.h" />
    <ClInclude Include="fancy_core_precompile.h" />
    <ClInclude Include="FileReader.h" />
    <ClInclude Include="FileWatcher.h" />
    <ClInclude Include="FrameBufferCacheVk.h" />
    <ClInclude Include="GlobalDescriptorAllocation.h" />
    <ClInclude Include="GlobalDescriptorSetVk.h" />
    <ClInclude Include="GpuBuffer.h" />
    <ClInclude Include="GpuBufferDX12.h" />
    <ClInclude Include="GpuBufferProperties.h" />
    <ClInclude Include="GpuBufferVk.h" />
    <ClInclude Include="GpuMemoryAllocationDX12.h" />
    <ClInclude Include="GpuMemoryAllocatorDX12.h" />
    <ClInclude Include="GpuQuery.h" />
    <ClInclude Include="GpuQueryHeap.h" />
    <ClInclude Include="GpuQueryHeapDX12.h" />
    <ClInclude Include="GpuQueryHeapVk.h" />
    <ClInclude Include="GpuReadbackBuffer.h" />
    <ClInclude Include="GpuResource.h" />
    <ClInclude Include="GpuResourceDataDX12.h" />
    <ClInclude Include="GpuResourceDataVk.h" />
    <ClInclude Include="GpuResourceHazardTracking.h" />
    <ClInclude Include="GpuResourceStateTracking.h" />
    <ClInclude Include="GpuResourceView.h" />
    <ClInclude Include="GpuResourceViewDataDX12.h" />
    <ClInclude Include="GpuResourceViewDataVk.h" />
    <ClInclude Include="GpuResourceViewDX12.h" />
    <ClInclude Include="GpuRingBuffer.h" />
    <ClInclude Include="GraphicsResources.h" />
    <ClInclude Include="GrowingList.h" />
    <ClInclude Include="ImageLoader.h" />
    <ClInclude Include="Input.h" />
    <ClInclude Include="Log.h" />
    <ClInclude Include="Material.h" />
    <ClInclude Include="MathIncludes.h" />
    <ClInclude Include="MathUtil.h" />
    <ClInclude Include="Mesh.h" />
    <ClInclude Include="MeshImporter.h" />
    <ClInclude Include="ObjectCore.h" />
    <ClInclude Include="PagedLinearAllocator.h" />
    <ClInclude Include="PathService.h" />
    <ClInclude Include="PipelineLayoutCache.h" />
    <ClInclude Include="PipelineLayoutVk.h" />
    <ClInclude Include="PipelineStateCacheDX12.h" />
    <ClInclude Include="PipelineStateCacheVk.h" />
    <ClInclude Include="Profiler.h" />
    <ClInclude Include="Ptr.h" />
    <ClInclude Include="RenderCore.h" />
    <ClInclude Include="RenderCore_Platform.h" />
    <ClInclude Include="RenderCore_PlatformDX12.h" />
    <ClInclude Include="RenderCore_PlatformVk.h" />
    <ClInclude Include="RenderEnums.h" />
    <ClInclude Include="RendererPrerequisites.h" />
    <ClInclude Include="RenderOutput.h" />
    <ClInclude Include="RenderOutputDX12.h" />
    <ClInclude Include="RenderOutputVk.h" />
    <ClInclude Include="RenderPassCacheVk.h" />
    <ClInclude Include="RenderPlatformObjectCache.h" />
    <ClInclude Include="resource.h" />
    <ClInclude Include="RootSignatureDX12.h" />
    <ClInclude Include="RtAccelerationStructure.h" />
    <ClInclude Include="RtAccelerationStructureDX12.h" />
    <ClInclude Include="RtAccelerationStructureVk.h" />
    <ClInclude Include="RtPipelineState.h" />
    <ClInclude Include="RtPipelineStateDX12.h" />
    <ClInclude Include="RtPipelineStateVk.h" />
    <ClInclude Include="RtShaderBindingTable.h" />
    <ClInclude Include="RtShaderIdentifier.h" />
    <ClInclude Include="Scene.h" />
    <ClInclude Include="Shader.h" />
    <ClInclude Include="ShaderCompiler.h" />
    <ClInclude Include="ShaderCompilerDX12.h" />
    <ClInclude Include="ShaderCompilerVk.h" />
    <ClInclude Include="ShaderDesc.h" />
    <ClInclude Include="ShaderDX12.h" />
    <ClInclude Include="ShaderPipeline.h" />
    <ClInclude Include="ShaderPipelineDesc.h" />
    <ClInclude Include="ShaderPipelineDX12.h" />
    <ClInclude Include="ShaderPipelineVk.h" />
    <ClInclude Include="ShaderVisibleDescriptorHeapDX12.h" />
    <ClInclude Include="ShaderVk.h" />
    <ClInclude Include="Slot.h" />
    <ClInclude Include="SmallObjectAllocator.h" />
    <ClInclude Include="StaticDescriptorAllocatorDX12.h" />
    <ClInclude Include="StaticString.h" />
    <ClInclude Include="stb\stb_image.h">
      <Filter>stb</Filter>
    </ClInclude>
    <ClInclude Include="StringUtil.h" />
    <ClInclude Include="TempResourcePool.h" />
    <ClInclude Include="TempResources.h" />
    <ClInclude Include="Texture.h" />
    <ClInclude Include="TextureData.h" />
    <ClInclude Include="TextureDX12.h" />
    <ClInclude Include="TextureProperties.h" />
    <ClInclude Include="TextureReadbackTask.h" />
    <ClInclude Include="TextureSampler.h" />
    <ClInclude Include="TextureSamplerDX12.h" />
    <ClInclude Include="TextureSamplerProperties.h" />
    <ClInclude Include="TextureSamplerVk.h" />
    <ClInclude Include="TextureSemantics.h" />
    <ClInclude Include="TextureViewDataVk.h" />
    <ClInclude Include="TextureVk.h" />
    <ClInclude Include="TimeManager.h" />
    <ClInclude Include="VertexInputLayout.h" />
    <ClInclude Include="VertexInputLayoutDesc.h" />
    <ClInclude Include="VertexInputLayoutProperties.h" />
    <ClInclude Include="VkPrerequisites.h" />
    <ClInclude Include="Window.h" />
    <ClInclude Include="WindowsIncludes.h" />
  </ItemGroup>
  <ItemGroup>
    <Filter Include="stb">
      <UniqueIdentifier>{4005c1e2-a58d-805d-1721-5f192b782fd3}</UniqueIdentifier>
    </Filter>
  </ItemGroup>
</Project>