<?xml version="1.0" encoding="utf-8"?>
<Project ToolsVersion="4.0" xmlns="http://schemas.microsoft.com/developer/msbuild/2003">
  <ItemGroup>
    <Filter Include="src">
      <UniqueIdentifier>{119cc715-1dea-4811-898b-fe3023e1235c}</UniqueIdentifier>
    </Filter>
    <Filter Include="src\IO">
      <UniqueIdentifier>{cf808716-0597-492b-83ce-d3521a9641d7}</UniqueIdentifier>
    </Filter>
    <Filter Include="src\Rendering">
      <UniqueIdentifier>{da98f0a5-f47c-4aa9-aee2-adaacecdc0ff}</UniqueIdentifier>
    </Filter>
    <Filter Include="src\Debug">
      <UniqueIdentifier>{af5f6d52-a9aa-498f-b526-b079c9326059}</UniqueIdentifier>
    </Filter>
    <Filter Include="src\Geometry">
      <UniqueIdentifier>{00c69bda-1f86-44fb-95ef-39fe0da5594e}</UniqueIdentifier>
    </Filter>
    <Filter Include="src\Scene">
      <UniqueIdentifier>{0643b0af-b26f-4449-898c-4a9c91556345}</UniqueIdentifier>
    </Filter>
    <Filter Include="src\Common">
      <UniqueIdentifier>{3bbf5b5b-c9b6-4fb6-a957-965e0ce00c59}</UniqueIdentifier>
    </Filter>
    <Filter Include="src\Rendering\Materials">
      <UniqueIdentifier>{b1784d83-d074-4980-ae5a-cd01ee46814e}</UniqueIdentifier>
    </Filter>
    <Filter Include="src\Rendering\GL4">
      <UniqueIdentifier>{3ea804fc-afc0-4188-8cd8-c2558fd4e149}</UniqueIdentifier>
    </Filter>
    <Filter Include="src\Math">
      <UniqueIdentifier>{df3b2819-40ab-4734-9789-c9d138468e7c}</UniqueIdentifier>
    </Filter>
  </ItemGroup>
  <ItemGroup>
    <ClInclude Include="src\StdAfx.h">
      <Filter>src</Filter>
    </ClInclude>
    <ClInclude Include="src\QuaternionService.h">
      <Filter>src</Filter>
    </ClInclude>
    <ClInclude Include="src\ShaderLoader.h">
      <Filter>src</Filter>
    </ClInclude>
    <ClInclude Include="src\ShaderSemantics.h">
      <Filter>src</Filter>
    </ClInclude>
    <ClInclude Include="src\Camera.h">
      <Filter>src\Scene</Filter>
    </ClInclude>
    <ClInclude Include="src\AABoundingBox.h">
      <Filter>src\Geometry</Filter>
    </ClInclude>
    <ClInclude Include="src\BaseGeometryObject.h">
      <Filter>src\Geometry</Filter>
    </ClInclude>
    <ClInclude Include="src\BoundingSphere.h">
      <Filter>src\Geometry</Filter>
    </ClInclude>
    <ClInclude Include="src\Buffer.h">
      <Filter>src\Rendering</Filter>
    </ClInclude>
    <ClInclude Include="src\ComputeOperation.h">
      <Filter>src\Rendering</Filter>
    </ClInclude>
    <ClInclude Include="src\ConstantBuffer.h">
      <Filter>src\Rendering</Filter>
    </ClInclude>
    <ClInclude Include="src\DirectionalLight.h">
      <Filter>src\Scene</Filter>
    </ClInclude>
    <ClInclude Include="src\Events.h">
      <Filter>src\Common</Filter>
    </ClInclude>
    <ClInclude Include="src\FancyCorePrerequisites.h">
      <Filter>src\Common</Filter>
    </ClInclude>
    <ClInclude Include="src\FileReader.h">
      <Filter>src\IO</Filter>
    </ClInclude>
    <ClInclude Include="src\GLResourcePathManager.h">
      <Filter>src\IO</Filter>
    </ClInclude>
    <ClInclude Include="src\GLSLpreprocessor.h">
      <Filter>src\IO</Filter>
    </ClInclude>
    <ClInclude Include="src\Light.h">
      <Filter>src\Scene</Filter>
    </ClInclude>
    <ClInclude Include="src\GPUProgram.h">
      <Filter>src\Rendering</Filter>
    </ClInclude>
    <ClInclude Include="src\GPUDataStage.h">
      <Filter>src\Rendering</Filter>
    </ClInclude>
    <ClInclude Include="src\LoadableObject.h">
      <Filter>src\Common</Filter>
    </ClInclude>
    <ClInclude Include="src\lodepng.h">
      <Filter>src\IO</Filter>
    </ClInclude>
    <ClInclude Include="src\Material.h">
      <Filter>src\Rendering</Filter>
    </ClInclude>
    <ClInclude Include="src\ModelLoader_LogStream.h">
      <Filter>src\IO</Filter>
    </ClInclude>
    <ClInclude Include="src\ModelLoader.h">
      <Filter>src\IO</Filter>
    </ClInclude>
    <ClInclude Include="src\Mesh.h">
      <Filter>src\Geometry</Filter>
    </ClInclude>
    <ClInclude Include="src\NameRegistry.h">
      <Filter>src\Common</Filter>
    </ClInclude>
    <ClInclude Include="src\PathService.h">
      <Filter>src\IO</Filter>
    </ClInclude>
    <ClInclude Include="src\PerformanceCheck.h">
      <Filter>src\Debug</Filter>
    </ClInclude>
    <ClInclude Include="src\PointLight.h">
      <Filter>src\Scene</Filter>
    </ClInclude>
    <ClInclude Include="src\RenderOperation.h">
      <Filter>src\Rendering</Filter>
    </ClInclude>
    <ClInclude Include="src\Renderer.h">
      <Filter>src\Rendering</Filter>
    </ClInclude>
    <ClInclude Include="src\SpotLight.h">
      <Filter>src\Scene</Filter>
    </ClInclude>
    <ClInclude Include="src\StatsManager.h">
      <Filter>src\Debug</Filter>
    </ClInclude>
    <ClInclude Include="src\Texture.h">
      <Filter>src\Rendering</Filter>
    </ClInclude>
    <ClInclude Include="src\TextureLoader.h">
      <Filter>src\IO</Filter>
    </ClInclude>
    <ClInclude Include="src\VertexDeclarations.h">
      <Filter>src\Geometry</Filter>
    </ClInclude>
    <ClInclude Include="src\MAT_Colored.h">
      <Filter>src\Rendering\Materials</Filter>
    </ClInclude>
    <ClInclude Include="src\MAT_FSquad_Bloom.h">
      <Filter>src\Rendering\Materials</Filter>
    </ClInclude>
    <ClInclude Include="src\MAT_FSquad_BrightPass.h">
      <Filter>src\Rendering\Materials</Filter>
    </ClInclude>
    <ClInclude Include="src\MAT_FSquad_DirLighting.h">
      <Filter>src\Rendering\Materials</Filter>
    </ClInclude>
    <ClInclude Include="src\MAT_FSquad_FinalComposite.h">
      <Filter>src\Rendering\Materials</Filter>
    </ClInclude>
    <ClInclude Include="src\MAT_FSquad_FXAA.h">
      <Filter>src\Rendering\Materials</Filter>
    </ClInclude>
    <ClInclude Include="src\MAT_FSquad_GaussianBlur.h">
      <Filter>src\Rendering\Materials</Filter>
    </ClInclude>
    <ClInclude Include="src\MAT_FSquad_LumaTimeAdaption.h">
      <Filter>src\Rendering\Materials</Filter>
    </ClInclude>
    <ClInclude Include="src\MAT_FSquad_PointLighting.h">
      <Filter>src\Rendering\Materials</Filter>
    </ClInclude>
    <ClInclude Include="src\MAT_FSquad_Textured.h">
      <Filter>src\Rendering\Materials</Filter>
    </ClInclude>
    <ClInclude Include="src\MAT_FSquad_ToneMapping.h">
      <Filter>src\Rendering\Materials</Filter>
    </ClInclude>
    <ClInclude Include="src\MAT_Pointlight_Illumination.h">
      <Filter>src\Rendering\Materials</Filter>
    </ClInclude>
    <ClInclude Include="src\MAT_Test.h">
      <Filter>src\Rendering\Materials</Filter>
    </ClInclude>
    <ClInclude Include="src\MAT_Textured.h">
      <Filter>src\Rendering\Materials</Filter>
    </ClInclude>
    <ClInclude Include="src\MAT_TexturedNormal.h">
      <Filter>src\Rendering\Materials</Filter>
    </ClInclude>
    <ClInclude Include="src\MAT_TexturedNormalSpecular.h">
      <Filter>src\Rendering\Materials</Filter>
    </ClInclude>
    <ClInclude Include="src\SceneNode.h">
      <Filter>src\Scene</Filter>
    </ClInclude>
    <ClInclude Include="src\SceneManager.h">
      <Filter>src\Scene</Filter>
    </ClInclude>
    <ClInclude Include="src\Engine.h">
      <Filter>src\Common</Filter>
    </ClInclude>
    <ClInclude Include="src\BaseRenderableObject.h">
      <Filter>src\Scene</Filter>
    </ClInclude>
    <ClInclude Include="src\Entity.h">
      <Filter>src\Scene</Filter>
    </ClInclude>
    <ClInclude Include="src\FullscreenQuad.h">
      <Filter>src\Geometry</Filter>
    </ClInclude>
    <ClInclude Include="src\DeferredRenderAlgorithm.h">
      <Filter>src\Rendering</Filter>
    </ClInclude>
    <ClInclude Include="src\Pass_GaussianBlur.h">
      <Filter>src\Rendering</Filter>
    </ClInclude>
    <ClInclude Include="src\SceneLoader.h">
      <Filter>src\IO</Filter>
    </ClInclude>
    <ClInclude Include="src\TextureSemantics.h">
      <Filter>src\Rendering</Filter>
    </ClInclude>
    <ClInclude Include="src\TextureManager.h">
      <Filter>src\Rendering</Filter>
    </ClInclude>
    <ClInclude Include="src\TransformSQT.h">
      <Filter>src\Scene</Filter>
    </ClInclude>
    <ClInclude Include="src\GPUResourceManager.h">
      <Filter>src</Filter>
    </ClInclude>
    <ClInclude Include="src\RendererGL4.h">
      <Filter>src\Rendering\GL4</Filter>
    </ClInclude>
    <ClInclude Include="src\GLBufferUploader.h">
      <Filter>src\Rendering\GL4</Filter>
    </ClInclude>
    <ClInclude Include="src\GLDebug.h">
      <Filter>src\Rendering\GL4</Filter>
    </ClInclude>
    <ClInclude Include="src\RendererPrerequisites.h">
      <Filter>src\Rendering</Filter>
    </ClInclude>
    <ClInclude Include="src\GLutil.h" />
    <ClInclude Include="src\MathUtil.h">
      <Filter>src\Math</Filter>
    </ClInclude>
  </ItemGroup>
  <ItemGroup>
    <ClCompile Include="src\StdAfx.cpp">
      <Filter>src</Filter>
    </ClCompile>
    <ClCompile Include="src\ShaderLoader.cpp">
      <Filter>src</Filter>
    </ClCompile>
    <ClCompile Include="src\Camera.cpp">
      <Filter>src\Scene</Filter>
    </ClCompile>
    <ClCompile Include="src\AABoundingBox.cpp">
      <Filter>src\Geometry</Filter>
    </ClCompile>
    <ClCompile Include="src\BaseGeometryObject.cpp">
      <Filter>src\Geometry</Filter>
    </ClCompile>
    <ClCompile Include="src\BoundingSphere.cpp">
      <Filter>src\Geometry</Filter>
    </ClCompile>
    <ClCompile Include="src\Buffer.cpp">
      <Filter>src\Rendering</Filter>
    </ClCompile>
    <ClCompile Include="src\ComputeOperation.cpp">
      <Filter>src\Rendering</Filter>
    </ClCompile>
    <ClCompile Include="src\ConstantBuffer.cpp">
      <Filter>src\Rendering</Filter>
    </ClCompile>
    <ClCompile Include="src\DirectionalLight.cpp">
      <Filter>src\Scene</Filter>
    </ClCompile>
    <ClCompile Include="src\FileReader.cpp">
      <Filter>src\IO</Filter>
    </ClCompile>
    <ClCompile Include="src\GLResourcePathManager.cpp">
      <Filter>src\IO</Filter>
    </ClCompile>
    <ClCompile Include="src\GLSLpreprocessor.cpp">
      <Filter>src\IO</Filter>
    </ClCompile>
    <ClCompile Include="src\Light.cpp">
      <Filter>src\Scene</Filter>
    </ClCompile>
    <ClCompile Include="src\GPUDataStage.cpp">
      <Filter>src\Rendering</Filter>
    </ClCompile>
    <ClCompile Include="src\GPUProgram.cpp">
      <Filter>src\Rendering</Filter>
    </ClCompile>
    <ClCompile Include="src\LoadableObject.cpp">
      <Filter>src\Common</Filter>
    </ClCompile>
    <ClCompile Include="src\lodepng.cpp">
      <Filter>src\IO</Filter>
    </ClCompile>
    <ClCompile Include="src\Material.cpp">
      <Filter>src\Rendering</Filter>
    </ClCompile>
    <ClCompile Include="src\ModelLoader.cpp">
      <Filter>src\IO</Filter>
    </ClCompile>
    <ClCompile Include="src\Mesh.cpp">
      <Filter>src\Geometry</Filter>
    </ClCompile>
    <ClCompile Include="src\NameRegistry.cpp">
      <Filter>src\Common</Filter>
    </ClCompile>
    <ClCompile Include="src\PathService.cpp">
      <Filter>src\IO</Filter>
    </ClCompile>
    <ClCompile Include="src\PerformanceCheck.cpp">
      <Filter>src\Debug</Filter>
    </ClCompile>
    <ClCompile Include="src\PointLight.cpp">
      <Filter>src\Scene</Filter>
    </ClCompile>
    <ClCompile Include="src\Renderer.cpp">
      <Filter>src\Rendering</Filter>
    </ClCompile>
    <ClCompile Include="src\RenderOperation.cpp">
      <Filter>src\Rendering</Filter>
    </ClCompile>
    <ClCompile Include="src\SpotLight.cpp">
      <Filter>src\Scene</Filter>
    </ClCompile>
    <ClCompile Include="src\StatsManager.cpp">
      <Filter>src\Debug</Filter>
    </ClCompile>
    <ClCompile Include="src\Texture.cpp">
      <Filter>src\Rendering</Filter>
    </ClCompile>
    <ClCompile Include="src\TextureLoader.cpp">
      <Filter>src\IO</Filter>
    </ClCompile>
    <ClCompile Include="src\VertexDeclarations.cpp">
      <Filter>src\Geometry</Filter>
    </ClCompile>
    <ClCompile Include="src\MAT_Colored.cpp">
      <Filter>src\Rendering\Materials</Filter>
    </ClCompile>
    <ClCompile Include="src\MAT_FSquad_Bloom.cpp">
      <Filter>src\Rendering\Materials</Filter>
    </ClCompile>
    <ClCompile Include="src\MAT_FSquad_BrightPass.cpp">
      <Filter>src\Rendering\Materials</Filter>
    </ClCompile>
    <ClCompile Include="src\MAT_FSquad_DirLighting.cpp">
      <Filter>src\Rendering\Materials</Filter>
    </ClCompile>
    <ClCompile Include="src\MAT_FSquad_FinalComposite.cpp">
      <Filter>src\Rendering\Materials</Filter>
    </ClCompile>
    <ClCompile Include="src\MAT_FSquad_FXAA.cpp">
      <Filter>src\Rendering\Materials</Filter>
    </ClCompile>
    <ClCompile Include="src\MAT_FSquad_GaussianBlur.cpp">
      <Filter>src\Rendering\Materials</Filter>
    </ClCompile>
    <ClCompile Include="src\MAT_FSquad_LumaTimeAdaption.cpp">
      <Filter>src\Rendering\Materials</Filter>
    </ClCompile>
    <ClCompile Include="src\MAT_FSquad_PointLighting.cpp">
      <Filter>src\Rendering\Materials</Filter>
    </ClCompile>
    <ClCompile Include="src\MAT_FSquad_Textured.cpp">
      <Filter>src\Rendering\Materials</Filter>
    </ClCompile>
    <ClCompile Include="src\MAT_FSquad_ToneMapping.cpp">
      <Filter>src\Rendering\Materials</Filter>
    </ClCompile>
    <ClCompile Include="src\MAT_Pointlight_Illumination.cpp">
      <Filter>src\Rendering\Materials</Filter>
    </ClCompile>
    <ClCompile Include="src\MAT_Test.cpp">
      <Filter>src\Rendering\Materials</Filter>
    </ClCompile>
    <ClCompile Include="src\MAT_Textured.cpp">
      <Filter>src\Rendering\Materials</Filter>
    </ClCompile>
    <ClCompile Include="src\MAT_TexturedNormal.cpp">
      <Filter>src\Rendering\Materials</Filter>
    </ClCompile>
    <ClCompile Include="src\MAT_TexturedNormalSpecular.cpp">
      <Filter>src\Rendering\Materials</Filter>
    </ClCompile>
    <ClCompile Include="src\SceneManager.cpp">
      <Filter>src\Scene</Filter>
    </ClCompile>
    <ClCompile Include="src\SceneNode.cpp">
      <Filter>src\Scene</Filter>
    </ClCompile>
    <ClCompile Include="src\Engine.cpp">
      <Filter>src\Common</Filter>
    </ClCompile>
    <ClCompile Include="src\BaseRenderableObject.cpp">
      <Filter>src\Scene</Filter>
    </ClCompile>
    <ClCompile Include="src\Entity.cpp">
      <Filter>src\Scene</Filter>
    </ClCompile>
    <ClCompile Include="src\FullscreenQuad.cpp">
      <Filter>src\Geometry</Filter>
    </ClCompile>
    <ClCompile Include="src\DeferredRenderAlgorithm.cpp">
      <Filter>src\Rendering</Filter>
    </ClCompile>
    <ClCompile Include="src\Pass_GaussianBlur.cpp">
      <Filter>src\Rendering</Filter>
    </ClCompile>
    <ClCompile Include="src\SceneLoader.cpp">
      <Filter>src\IO</Filter>
    </ClCompile>
    <ClCompile Include="src\TextureManager.cpp">
      <Filter>src\Rendering</Filter>
    </ClCompile>
    <ClCompile Include="src\TransformSQT.cpp">
      <Filter>src\Scene</Filter>
    </ClCompile>
    <ClCompile Include="src\GPUResourceManager.cpp">
      <Filter>src</Filter>
    </ClCompile>
    <ClCompile Include="src\GLBufferUploader.cpp">
      <Filter>src\Rendering\GL4</Filter>
    </ClCompile>
    <ClCompile Include="src\RendererGL4.cpp">
      <Filter>src\Rendering\GL4</Filter>
    </ClCompile>
    <ClCompile Include="src\GLutil.cpp" />
    <ClCompile Include="src\RendererPrerequisites.cpp" />
  </ItemGroup>
</Project>