<?xml version="1.0" encoding="utf-8"?>
<Project ToolsVersion="4.0" xmlns="http://schemas.microsoft.com/developer/msbuild/2003">
  <ItemGroup>
    <Filter Include="IO">
      <UniqueIdentifier>{cf808716-0597-492b-83ce-d3521a9641d7}</UniqueIdentifier>
    </Filter>
    <Filter Include="Rendering">
      <UniqueIdentifier>{da98f0a5-f47c-4aa9-aee2-adaacecdc0ff}</UniqueIdentifier>
    </Filter>
    <Filter Include="Common">
      <UniqueIdentifier>{3bbf5b5b-c9b6-4fb6-a957-965e0ce00c59}</UniqueIdentifier>
    </Filter>
    <Filter Include="Math">
      <UniqueIdentifier>{df3b2819-40ab-4734-9789-c9d138468e7c}</UniqueIdentifier>
    </Filter>
    <Filter Include="Rendering\DX12">
      <UniqueIdentifier>{c3bd7ac1-c48d-47ba-b876-50bee9d32391}</UniqueIdentifier>
    </Filter>
    <Filter Include="Geometry">
      <UniqueIdentifier>{01d22804-1db2-4c70-8c91-60afbf5b3cdb}</UniqueIdentifier>
    </Filter>
    <Filter Include="Profiler">
      <UniqueIdentifier>{20c7389f-6884-43af-9d55-b3d15924bdb3}</UniqueIdentifier>
    </Filter>
    <Filter Include="Camera">
      <UniqueIdentifier>{414f3123-e42a-49d3-841c-d4615ec99e39}</UniqueIdentifier>
    </Filter>
    <Filter Include="Rendering\Vulkan">
      <UniqueIdentifier>{d7d63964-440b-4f1b-9748-9dbd652194fd}</UniqueIdentifier>
    </Filter>
    <Filter Include="Rendering\Vulkan\spirv_reflect">
      <UniqueIdentifier>{a058e921-3fc2-4bb9-a31a-f9a3a63fac13}</UniqueIdentifier>
    </Filter>
    <Filter Include="Object">
      <UniqueIdentifier>{177a2a68-c25d-48be-8570-46152ebfc05f}</UniqueIdentifier>
    </Filter>
    <Filter Include="IO\stb">
      <UniqueIdentifier>{a7c9159b-9ee7-483b-a025-357f82811e0b}</UniqueIdentifier>
    </Filter>
  </ItemGroup>
  <ItemGroup>
    <ClInclude Include="AdapterDX12.h">
      <Filter>Rendering\DX12</Filter>
    </ClInclude>
    <ClInclude Include="AlignedStorage.h">
      <Filter>Common</Filter>
    </ClInclude>
    <ClInclude Include="BlendState.h">
      <Filter>Rendering</Filter>
    </ClInclude>
    <ClInclude Include="Callback.h">
      <Filter>Common</Filter>
    </ClInclude>
    <ClInclude Include="CommandAllocatorPoolDX12.h">
      <Filter>Rendering\DX12</Filter>
    </ClInclude>
    <ClInclude Include="d3dx12.h">
      <Filter>Rendering\DX12</Filter>
    </ClInclude>
    <ClInclude Include="DescriptorDX12.h">
      <Filter>Rendering\DX12</Filter>
    </ClInclude>
    <ClInclude Include="DX12Prerequisites.h">
      <Filter>Rendering\DX12</Filter>
    </ClInclude>
    <ClInclude Include="GpuBufferDX12.h">
      <Filter>Rendering\DX12</Filter>
    </ClInclude>
    <ClInclude Include="RenderCore_PlatformDX12.h">
      <Filter>Rendering\DX12</Filter>
    </ClInclude>
    <ClInclude Include="RenderOutputDX12.h">
      <Filter>Rendering\DX12</Filter>
    </ClInclude>
    <ClInclude Include="TextureDX12.h">
      <Filter>Rendering\DX12</Filter>
    </ClInclude>
    <ClInclude Include="TextureSamplerDX12.h">
      <Filter>Rendering\DX12</Filter>
    </ClInclude>
    <ClInclude Include="DataFormat.h">
      <Filter>Rendering</Filter>
    </ClInclude>
    <ClInclude Include="DepthStencilState.h">
      <Filter>Rendering</Filter>
    </ClInclude>
    <ClInclude Include="BinaryCache.h">
      <Filter>IO</Filter>
    </ClInclude>
    <ClInclude Include="Fancy.h">
      <Filter>Common</Filter>
    </ClInclude>
    <ClInclude Include="FileWatcher.h">
      <Filter>IO</Filter>
    </ClInclude>
    <ClInclude Include="FileReader.h">
      <Filter>IO</Filter>
    </ClInclude>
    <ClInclude Include="GpuBuffer.h">
      <Filter>Rendering</Filter>
    </ClInclude>
    <ClInclude Include="GpuResource.h">
      <Filter>Rendering</Filter>
    </ClInclude>
    <ClInclude Include="Log.h">
      <Filter>Common</Filter>
    </ClInclude>
    <ClInclude Include="Mesh.h">
      <Filter>Geometry</Filter>
    </ClInclude>
    <ClInclude Include="PathService.h">
      <Filter>IO</Filter>
    </ClInclude>
    <ClInclude Include="RenderCore.h">
      <Filter>Rendering</Filter>
    </ClInclude>
    <ClInclude Include="RenderCore_Platform.h">
      <Filter>Rendering</Filter>
    </ClInclude>
    <ClInclude Include="RendererPrerequisites.h">
      <Filter>Rendering</Filter>
    </ClInclude>
    <ClInclude Include="RenderOutput.h">
      <Filter>Rendering</Filter>
    </ClInclude>
    <ClInclude Include="Slot.h">
      <Filter>Common</Filter>
    </ClInclude>
    <ClInclude Include="SmallObjectAllocator.h">
      <Filter>Common</Filter>
    </ClInclude>
    <ClInclude Include="Texture.h">
      <Filter>Rendering</Filter>
    </ClInclude>
    <ClInclude Include="TextureSampler.h">
      <Filter>Rendering</Filter>
    </ClInclude>
    <ClInclude Include="TimeManager.h">
      <Filter>Common</Filter>
    </ClInclude>
    <ClInclude Include="StringUtil.h">
      <Filter>Common</Filter>
    </ClInclude>
    <ClInclude Include="Window.h">
      <Filter>Common</Filter>
    </ClInclude>
    <ClInclude Include="MathUtil.h">
      <Filter>Math</Filter>
    </ClInclude>
    <ClInclude Include="..\resources\Shader\GL4\FXAA\Fxaa3_11.h">
      <Filter>Rendering</Filter>
    </ClInclude>
    <ClInclude Include="Input.h">
      <Filter>IO</Filter>
    </ClInclude>
    <ClInclude Include="GpuRingBuffer.h">
      <Filter>Rendering</Filter>
    </ClInclude>
    <ClInclude Include="GpuMemoryAllocatorDX12.h">
      <Filter>Rendering\DX12</Filter>
    </ClInclude>
    <ClInclude Include="CommandQueueDX12.h">
      <Filter>Rendering\DX12</Filter>
    </ClInclude>
    <ClInclude Include="CommandQueue.h">
      <Filter>Rendering</Filter>
    </ClInclude>
    <ClInclude Include="GpuResourceView.h">
      <Filter>Rendering</Filter>
    </ClInclude>
    <ClInclude Include="ResourceRefs.h">
      <Filter>Rendering</Filter>
    </ClInclude>
    <ClInclude Include="ResourceNameList.h">
      <Filter>Rendering</Filter>
    </ClInclude>
    <ClInclude Include="DataFormatList.h">
      <Filter>Rendering</Filter>
    </ClInclude>
    <ClInclude Include="PagedLinearAllocator.h">
      <Filter>Common</Filter>
    </ClInclude>
    <ClInclude Include="DynamicDescriptorHeapDX12.h">
      <Filter>Rendering\DX12</Filter>
    </ClInclude>
    <ClInclude Include="GpuResourceDataDX12.h">
      <Filter>Rendering\DX12</Filter>
    </ClInclude>
    <ClInclude Include="StaticDescriptorAllocatorDX12.h">
      <Filter>Rendering\DX12</Filter>
    </ClInclude>
    <ClInclude Include="resource.h" />
    <ClInclude Include="DataFormatList_Dummy.h">
      <Filter>Rendering</Filter>
    </ClInclude>
    <ClInclude Include="TempResourcePool.h">
      <Filter>Rendering</Filter>
    </ClInclude>
    <ClInclude Include="GraphicsResources.h">
      <Filter>Rendering</Filter>
    </ClInclude>
    <ClInclude Include="RenderEnums.h">
      <Filter>Rendering</Filter>
    </ClInclude>
    <ClInclude Include="TextureProperties.h">
      <Filter>Rendering</Filter>
    </ClInclude>
    <ClInclude Include="GpuBufferProperties.h">
      <Filter>Rendering</Filter>
    </ClInclude>
    <ClInclude Include="fancy_core_precompile.h" />
    <ClInclude Include="WindowsIncludes.h">
      <Filter>Common</Filter>
    </ClInclude>
    <ClInclude Include="FancyCoreDefines.h">
      <Filter>Common</Filter>
    </ClInclude>
    <ClInclude Include="Ptr.h">
      <Filter>Common</Filter>
    </ClInclude>
    <ClInclude Include="MathIncludes.h">
      <Filter>Math</Filter>
    </ClInclude>
    <ClInclude Include="GpuMemoryAllocationDX12.h">
      <Filter>Rendering\DX12</Filter>
    </ClInclude>
    <ClInclude Include="TempResources.h">
      <Filter>Rendering</Filter>
    </ClInclude>
    <ClInclude Include="TextureData.h">
      <Filter>Rendering</Filter>
    </ClInclude>
    <ClInclude Include="CircularArray.h">
      <Filter>Common</Filter>
    </ClInclude>
    <ClInclude Include="GpuQueryHeap.h">
      <Filter>Rendering</Filter>
    </ClInclude>
    <ClInclude Include="GpuQueryHeapDX12.h">
      <Filter>Rendering\DX12</Filter>
    </ClInclude>
    <ClInclude Include="GpuQuery.h">
      <Filter>Rendering</Filter>
    </ClInclude>
    <ClInclude Include="Profiler.h">
      <Filter>Profiler</Filter>
    </ClInclude>
    <ClInclude Include="Annotations.h">
      <Filter>Profiler</Filter>
    </ClInclude>
    <ClInclude Include="GrowingList.h">
      <Filter>Common</Filter>
    </ClInclude>
    <ClInclude Include="StaticString.h">
      <Filter>Common</Filter>
    </ClInclude>
    <ClInclude Include="CommandList.h">
      <Filter>Rendering</Filter>
    </ClInclude>
    <ClInclude Include="CommandListDX12.h">
      <Filter>Rendering\DX12</Filter>
    </ClInclude>
    <ClInclude Include="Camera.h">
      <Filter>Camera</Filter>
    </ClInclude>
    <ClInclude Include="CameraController.h">
      <Filter>Camera</Filter>
    </ClInclude>
    <ClInclude Include="RenderCore_PlatformVk.h">
      <Filter>Rendering\Vulkan</Filter>
    </ClInclude>
    <ClInclude Include="VkPrerequisites.h">
      <Filter>Rendering\Vulkan</Filter>
    </ClInclude>
    <ClInclude Include="CommandQueueVk.h">
      <Filter>Rendering\Vulkan</Filter>
    </ClInclude>
    <ClInclude Include="RenderOutputVk.h">
      <Filter>Rendering\Vulkan</Filter>
    </ClInclude>
    <ClInclude Include="TextureVk.h">
      <Filter>Rendering\Vulkan</Filter>
    </ClInclude>
    <ClInclude Include="GpuResourceDataVk.h">
      <Filter>Rendering\Vulkan</Filter>
    </ClInclude>
    <ClInclude Include="spirv_reflect\spirv_reflect.h">
      <Filter>Rendering\Vulkan\spirv_reflect</Filter>
    </ClInclude>
    <ClInclude Include="spirv_reflect\spirv.h">
      <Filter>Rendering\Vulkan\spirv_reflect</Filter>
    </ClInclude>
    <ClInclude Include="ShaderDesc.h">
      <Filter>Rendering</Filter>
    </ClInclude>
    <ClInclude Include="Shader.h">
      <Filter>Rendering</Filter>
    </ClInclude>
    <ClInclude Include="ShaderCompiler.h">
      <Filter>Rendering</Filter>
    </ClInclude>
    <ClInclude Include="ShaderPipeline.h">
      <Filter>Rendering</Filter>
    </ClInclude>
    <ClInclude Include="ShaderPipelineDesc.h">
      <Filter>Rendering</Filter>
    </ClInclude>
    <ClInclude Include="ShaderCompilerDX12.h">
      <Filter>Rendering\DX12</Filter>
    </ClInclude>
    <ClInclude Include="ShaderCompilerVk.h">
      <Filter>Rendering\Vulkan</Filter>
    </ClInclude>
    <ClInclude Include="ShaderVk.h">
      <Filter>Rendering\Vulkan</Filter>
    </ClInclude>
    <ClInclude Include="ShaderPipelineDX12.h">
      <Filter>Rendering\DX12</Filter>
    </ClInclude>
    <ClInclude Include="ShaderPipelineVk.h">
      <Filter>Rendering\Vulkan</Filter>
    </ClInclude>
    <ClInclude Include="ShaderDX12.h">
      <Filter>Rendering\DX12</Filter>
    </ClInclude>
    <ClInclude Include="CommandListVk.h">
      <Filter>Rendering\Vulkan</Filter>
    </ClInclude>
    <ClInclude Include="GpuResourceViewDataDX12.h">
      <Filter>Rendering\DX12</Filter>
    </ClInclude>
    <ClInclude Include="GpuResourceViewDataVk.h">
      <Filter>Rendering\Vulkan</Filter>
    </ClInclude>
    <ClInclude Include="GpuBufferVk.h">
      <Filter>Rendering\Vulkan</Filter>
    </ClInclude>
    <ClInclude Include="CommandBufferAllocatorVk.h">
      <Filter>Rendering\Vulkan</Filter>
    </ClInclude>
    <ClInclude Include="GpuQueryHeapVk.h">
      <Filter>Rendering\Vulkan</Filter>
    </ClInclude>
    <ClInclude Include="GpuReadbackBuffer.h">
      <Filter>Rendering</Filter>
    </ClInclude>
    <ClInclude Include="TextureReadbackTask.h">
      <Filter>Rendering</Filter>
    </ClInclude>
    <ClInclude Include="DxcShaderCompiler.h">
      <Filter>Rendering</Filter>
    </ClInclude>
    <ClInclude Include="DescriptorPoolAllocatorVk.h">
      <Filter>Rendering\Vulkan</Filter>
    </ClInclude>
    <ClInclude Include="ShaderResourceInfoVk.h">
      <Filter>Rendering\Vulkan</Filter>
    </ClInclude>
    <ClInclude Include="TextureSamplerProperties.h">
      <Filter>Rendering</Filter>
    </ClInclude>
    <ClInclude Include="TextureSamplerVk.h">
      <Filter>Rendering\Vulkan</Filter>
    </ClInclude>
    <ClInclude Include="ShaderResourceInfoDX12.h">
      <Filter>Rendering\DX12</Filter>
    </ClInclude>
    <ClInclude Include="PipelineLayoutCacheVk.h">
      <Filter>Rendering\Vulkan</Filter>
    </ClInclude>
    <ClInclude Include="CommandLine.h">
      <Filter>Common</Filter>
    </ClInclude>
    <ClInclude Include="RootSignatureDX12.h">
      <Filter>Rendering\DX12</Filter>
    </ClInclude>
    <ClInclude Include="DebugUtilsDX12.h">
      <Filter>Rendering\DX12</Filter>
    </ClInclude>
    <ClInclude Include="DebugUtilsVk.h">
      <Filter>Rendering\Vulkan</Filter>
    </ClInclude>
    <ClInclude Include="FrameBufferCacheVk.h">
      <Filter>Rendering\Vulkan</Filter>
    </ClInclude>
    <ClInclude Include="RenderPassCacheVk.h">
      <Filter>Rendering\Vulkan</Filter>
    </ClInclude>
    <ClInclude Include="RenderPlatformObjectCache.h">
      <Filter>Rendering</Filter>
    </ClInclude>
    <ClInclude Include="PipelineStateCacheVk.h">
      <Filter>Rendering\Vulkan</Filter>
    </ClInclude>
    <ClInclude Include="VertexInputLayoutProperties.h">
      <Filter>Rendering</Filter>
    </ClInclude>
    <ClInclude Include="MeshImporter.h">
      <Filter>Geometry</Filter>
    </ClInclude>
    <ClInclude Include="Material.h">
      <Filter>Geometry</Filter>
    </ClInclude>
    <ClInclude Include="ImageLoader.h">
      <Filter>IO</Filter>
    </ClInclude>
    <ClInclude Include="stb\stb_image.h">
      <Filter>IO\stb</Filter>
    </ClInclude>
    <ClInclude Include="Scene.h">
      <Filter>Geometry</Filter>
    </ClInclude>
    <ClInclude Include="ObjectCore.h">
      <Filter>Object</Filter>
    </ClInclude>
    <ClInclude Include="BinarySerializer.h">
      <Filter>IO</Filter>
    </ClInclude>
    <ClInclude Include="EASTLAllocator.h">
      <Filter>Common</Filter>
    </ClInclude>
    <ClInclude Include="RootSignatureCacheDX12.h">
      <Filter>Rendering\DX12</Filter>
    </ClInclude>
    <ClInclude Include="PipelineStateCacheDX12.h">
      <Filter>Rendering\DX12</Filter>
    </ClInclude>
    <ClInclude Include="PipelineLayoutVk.h">
      <Filter>Rendering\Vulkan</Filter>
    </ClInclude>
    <ClInclude Include="GpuResourceViewSet.h">
      <Filter>Rendering</Filter>
    </ClInclude>
    <ClInclude Include="GpuResourceViewSetDX12.h">
      <Filter>Rendering\DX12</Filter>
    </ClInclude>
    <ClInclude Include="GpuResourceViewSetVk.h">
      <Filter>Rendering\Vulkan</Filter>
    </ClInclude>
    <ClInclude Include="DescriptorSetLayoutCacheVk.h">
      <Filter>Rendering\Vulkan</Filter>
    </ClInclude>
  </ItemGroup>
  <ItemGroup>
    <ClCompile Include="AdapterDX12.cpp">
      <Filter>Rendering\DX12</Filter>
    </ClCompile>
    <ClCompile Include="CommandAllocatorPoolDX12.cpp">
      <Filter>Rendering\DX12</Filter>
    </ClCompile>
    <ClCompile Include="GpuBufferDX12.cpp">
      <Filter>Rendering\DX12</Filter>
    </ClCompile>
    <ClCompile Include="RenderCore_PlatformDX12.cpp">
      <Filter>Rendering\DX12</Filter>
    </ClCompile>
    <ClCompile Include="RenderOutputDX12.cpp">
      <Filter>Rendering\DX12</Filter>
    </ClCompile>
    <ClCompile Include="TextureDX12.cpp">
      <Filter>Rendering\DX12</Filter>
    </ClCompile>
    <ClCompile Include="TextureSamplerDX12.cpp">
      <Filter>Rendering\DX12</Filter>
    </ClCompile>
    <ClCompile Include="DataFormat.cpp">
      <Filter>Rendering</Filter>
    </ClCompile>
    <ClCompile Include="BinaryCache.cpp">
      <Filter>IO</Filter>
    </ClCompile>
    <ClCompile Include="Fancy.cpp">
      <Filter>Common</Filter>
    </ClCompile>
    <ClCompile Include="FileReader.cpp">
      <Filter>IO</Filter>
    </ClCompile>
    <ClCompile Include="FileWatcher.cpp">
      <Filter>IO</Filter>
    </ClCompile>
    <ClCompile Include="GpuBuffer.cpp">
      <Filter>Rendering</Filter>
    </ClCompile>
    <ClCompile Include="PathService.cpp">
      <Filter>IO</Filter>
    </ClCompile>
    <ClCompile Include="RenderCore.cpp">
      <Filter>Rendering</Filter>
    </ClCompile>
    <ClCompile Include="RenderOutput.cpp">
      <Filter>Rendering</Filter>
    </ClCompile>
    <ClCompile Include="Texture.cpp">
      <Filter>Rendering</Filter>
    </ClCompile>
    <ClCompile Include="TimeManager.cpp">
      <Filter>Common</Filter>
    </ClCompile>
    <ClCompile Include="Window.cpp">
      <Filter>Common</Filter>
    </ClCompile>
    <ClCompile Include="Input.cpp">
      <Filter>IO</Filter>
    </ClCompile>
    <ClCompile Include="GpuRingBuffer.cpp">
      <Filter>Rendering</Filter>
    </ClCompile>
    <ClCompile Include="GpuMemoryAllocatorDX12.cpp">
      <Filter>Rendering\DX12</Filter>
    </ClCompile>
    <ClCompile Include="CommandQueueDX12.cpp">
      <Filter>Rendering\DX12</Filter>
    </ClCompile>
    <ClCompile Include="CommandQueue.cpp">
      <Filter>Rendering</Filter>
    </ClCompile>
    <ClCompile Include="DynamicDescriptorHeapDX12.cpp">
      <Filter>Rendering\DX12</Filter>
    </ClCompile>
    <ClCompile Include="StaticDescriptorAllocatorDX12.cpp">
      <Filter>Rendering\DX12</Filter>
    </ClCompile>
    <ClCompile Include="GraphicsResources.cpp">
      <Filter>Rendering</Filter>
    </ClCompile>
    <ClCompile Include="TempResourcePool.cpp">
      <Filter>Rendering</Filter>
    </ClCompile>
    <ClCompile Include="fancy_core_precompile.cpp" />
    <ClCompile Include="StringUtil.cpp">
      <Filter>Common</Filter>
    </ClCompile>
    <ClCompile Include="TempResources.cpp">
      <Filter>Rendering</Filter>
    </ClCompile>
    <ClCompile Include="TextureData.cpp">
      <Filter>Rendering</Filter>
    </ClCompile>
    <ClCompile Include="GpuQueryHeap.cpp">
      <Filter>Rendering</Filter>
    </ClCompile>
    <ClCompile Include="GpuQueryHeapDX12.cpp">
      <Filter>Rendering\DX12</Filter>
    </ClCompile>
    <ClCompile Include="Profiler.cpp">
      <Filter>Profiler</Filter>
    </ClCompile>
    <ClCompile Include="Annotations.cpp">
      <Filter>Profiler</Filter>
    </ClCompile>
    <ClCompile Include="PagedLinearAllocator.cpp">
      <Filter>Common</Filter>
    </ClCompile>
    <ClCompile Include="CommandList.cpp">
      <Filter>Rendering</Filter>
    </ClCompile>
    <ClCompile Include="CommandListDX12.cpp">
      <Filter>Rendering\DX12</Filter>
    </ClCompile>
    <ClCompile Include="Camera.cpp">
      <Filter>Camera</Filter>
    </ClCompile>
    <ClCompile Include="CameraController.cpp">
      <Filter>Camera</Filter>
    </ClCompile>
    <ClCompile Include="RenderCore_PlatformVk.cpp">
      <Filter>Rendering\Vulkan</Filter>
    </ClCompile>
    <ClCompile Include="CommandQueueVk.cpp">
      <Filter>Rendering\Vulkan</Filter>
    </ClCompile>
    <ClCompile Include="RenderOutputVk.cpp">
      <Filter>Rendering\Vulkan</Filter>
    </ClCompile>
    <ClCompile Include="TextureVk.cpp">
      <Filter>Rendering\Vulkan</Filter>
    </ClCompile>
    <ClCompile Include="spirv_reflect\spirv_reflect.c">
      <Filter>Rendering\Vulkan\spirv_reflect</Filter>
    </ClCompile>
    <ClCompile Include="Shader.cpp">
      <Filter>Rendering</Filter>
    </ClCompile>
    <ClCompile Include="ShaderCompiler.cpp">
      <Filter>Rendering</Filter>
    </ClCompile>
    <ClCompile Include="ShaderPipeline.cpp">
      <Filter>Rendering</Filter>
    </ClCompile>
    <ClCompile Include="ShaderCompilerDX12.cpp">
      <Filter>Rendering\DX12</Filter>
    </ClCompile>
    <ClCompile Include="ShaderCompilerVk.cpp">
      <Filter>Rendering\Vulkan</Filter>
    </ClCompile>
    <ClCompile Include="ShaderVk.cpp">
      <Filter>Rendering\Vulkan</Filter>
    </ClCompile>
    <ClCompile Include="ShaderPipelineDX12.cpp">
      <Filter>Rendering\DX12</Filter>
    </ClCompile>
    <ClCompile Include="ShaderPipelineVk.cpp">
      <Filter>Rendering\Vulkan</Filter>
    </ClCompile>
    <ClCompile Include="ShaderDX12.cpp">
      <Filter>Rendering\DX12</Filter>
    </ClCompile>
    <ClCompile Include="CommandListVk.cpp">
      <Filter>Rendering\Vulkan</Filter>
    </ClCompile>
    <ClCompile Include="GpuBufferVk.cpp">
      <Filter>Rendering\Vulkan</Filter>
    </ClCompile>
    <ClCompile Include="CommandBufferAllocatorVk.cpp">
      <Filter>Rendering\Vulkan</Filter>
    </ClCompile>
    <ClCompile Include="GpuResource.cpp">
      <Filter>Rendering</Filter>
    </ClCompile>
    <ClCompile Include="GpuReadbackBuffer.cpp">
      <Filter>Rendering</Filter>
    </ClCompile>
    <ClCompile Include="TextureReadbackTask.cpp">
      <Filter>Rendering</Filter>
    </ClCompile>
    <ClCompile Include="GpuQueryHeapVk.cpp">
      <Filter>Rendering\Vulkan</Filter>
    </ClCompile>
    <ClCompile Include="TextureProperties.cpp">
      <Filter>Rendering</Filter>
    </ClCompile>
    <ClCompile Include="DxcShaderCompiler.cpp">
      <Filter>Rendering</Filter>
    </ClCompile>
    <ClCompile Include="DescriptorPoolAllocatorVk.cpp">
      <Filter>Rendering\Vulkan</Filter>
    </ClCompile>
    <ClCompile Include="TextureSamplerVk.cpp">
      <Filter>Rendering\Vulkan</Filter>
    </ClCompile>
    <ClCompile Include="PipelineLayoutCacheVk.cpp">
      <Filter>Rendering\Vulkan</Filter>
    </ClCompile>
    <ClCompile Include="CommandLine.cpp">
      <Filter>Common</Filter>
    </ClCompile>
    <ClCompile Include="RootSignatureDX12.cpp">
      <Filter>Rendering\DX12</Filter>
    </ClCompile>
    <ClCompile Include="MathUtil.cpp">
      <Filter>Math</Filter>
    </ClCompile>
    <ClCompile Include="DebugUtilsDX12.cpp">
      <Filter>Rendering\DX12</Filter>
    </ClCompile>
    <ClCompile Include="DebugUtilsVk.cpp">
      <Filter>Rendering\Vulkan</Filter>
    </ClCompile>
    <ClCompile Include="FrameBufferCacheVk.cpp">
      <Filter>Rendering\Vulkan</Filter>
    </ClCompile>
    <ClCompile Include="RenderPassCacheVk.cpp">
      <Filter>Rendering\Vulkan</Filter>
    </ClCompile>
    <ClCompile Include="PipelineStateCacheVk.cpp">
      <Filter>Rendering\Vulkan</Filter>
    </ClCompile>
    <ClCompile Include="VertexInputLayoutProperties.cpp">
      <Filter>Rendering</Filter>
    </ClCompile>
    <ClCompile Include="MeshImporter.cpp">
      <Filter>Geometry</Filter>
    </ClCompile>
    <ClCompile Include="Material.cpp">
      <Filter>Geometry</Filter>
    </ClCompile>
    <ClCompile Include="ImageLoader.cpp">
      <Filter>IO</Filter>
    </ClCompile>
    <ClCompile Include="Scene.cpp">
      <Filter>Geometry</Filter>
    </ClCompile>
    <ClCompile Include="ObjectCore.cpp">
      <Filter>Object</Filter>
    </ClCompile>
    <ClCompile Include="EASTLAllocator.cpp">
      <Filter>Common</Filter>
    </ClCompile>
    <ClCompile Include="RootSignatureCacheDX12.cpp">
      <Filter>Rendering\DX12</Filter>
    </ClCompile>
    <ClCompile Include="PipelineStateCacheDX12.cpp">
      <Filter>Rendering\DX12</Filter>
    </ClCompile>
    <ClCompile Include="PipelineLayoutVk.cpp">
      <Filter>Rendering\Vulkan</Filter>
    </ClCompile>
    <ClCompile Include="GpuResourceViewSet.cpp">
      <Filter>Rendering</Filter>
    </ClCompile>
    <ClCompile Include="GpuResourceViewSetDX12.cpp">
      <Filter>Rendering\DX12</Filter>
    </ClCompile>
    <ClCompile Include="GpuResourceViewSetVk.cpp">
      <Filter>Rendering\Vulkan</Filter>
    </ClCompile>
    <ClCompile Include="DescriptorSetLayoutCacheVk.cpp">
      <Filter>Rendering\Vulkan</Filter>
    </ClCompile>
  </ItemGroup>
  <ItemGroup>
    <ResourceCompile Include="fancy_core.rc" />
  </ItemGroup>
</Project>