<?xml version="1.0" encoding="utf-8"?>
<Project ToolsVersion="4.0" xmlns="http://schemas.microsoft.com/developer/msbuild/2003">
  <ItemGroup>
    <Filter Include="src">
      <UniqueIdentifier>{119cc715-1dea-4811-898b-fe3023e1235c}</UniqueIdentifier>
    </Filter>
    <Filter Include="src\IO">
      <UniqueIdentifier>{cf808716-0597-492b-83ce-d3521a9641d7}</UniqueIdentifier>
    </Filter>
    <Filter Include="src\Rendering">
      <UniqueIdentifier>{da98f0a5-f47c-4aa9-aee2-adaacecdc0ff}</UniqueIdentifier>
    </Filter>
    <Filter Include="src\Debug">
      <UniqueIdentifier>{af5f6d52-a9aa-498f-b526-b079c9326059}</UniqueIdentifier>
    </Filter>
    <Filter Include="src\Geometry">
      <UniqueIdentifier>{00c69bda-1f86-44fb-95ef-39fe0da5594e}</UniqueIdentifier>
    </Filter>
    <Filter Include="src\Scene">
      <UniqueIdentifier>{0643b0af-b26f-4449-898c-4a9c91556345}</UniqueIdentifier>
    </Filter>
    <Filter Include="src\Common">
      <UniqueIdentifier>{3bbf5b5b-c9b6-4fb6-a957-965e0ce00c59}</UniqueIdentifier>
    </Filter>
    <Filter Include="src\Rendering\GL4">
      <UniqueIdentifier>{3ea804fc-afc0-4188-8cd8-c2558fd4e149}</UniqueIdentifier>
    </Filter>
    <Filter Include="src\Math">
      <UniqueIdentifier>{df3b2819-40ab-4734-9789-c9d138468e7c}</UniqueIdentifier>
    </Filter>
    <Filter Include="src\Rendering\Materials">
      <UniqueIdentifier>{93e6f866-a173-4b27-973f-a4c43f442dbe}</UniqueIdentifier>
    </Filter>
    <Filter Include="src\Scene\Components">
      <UniqueIdentifier>{131c4f4c-8958-405c-927c-0411df5432bb}</UniqueIdentifier>
    </Filter>
  </ItemGroup>
  <ItemGroup>
    <ClInclude Include="src\StdAfx.h">
      <Filter>src</Filter>
    </ClInclude>
    <ClInclude Include="src\Camera.h">
      <Filter>src\Scene</Filter>
    </ClInclude>
    <ClInclude Include="src\ComputeOperation.h">
      <Filter>src\Rendering</Filter>
    </ClInclude>
    <ClInclude Include="src\Events.h">
      <Filter>src\Common</Filter>
    </ClInclude>
    <ClInclude Include="src\FancyCorePrerequisites.h">
      <Filter>src\Common</Filter>
    </ClInclude>
    <ClInclude Include="src\FileReader.h">
      <Filter>src\IO</Filter>
    </ClInclude>
    <ClInclude Include="src\LoadableObject.h">
      <Filter>src\Common</Filter>
    </ClInclude>
    <ClInclude Include="src\lodepng.h">
      <Filter>src\IO</Filter>
    </ClInclude>
    <ClInclude Include="src\PathService.h">
      <Filter>src\IO</Filter>
    </ClInclude>
    <ClInclude Include="src\RenderOperation.h">
      <Filter>src\Rendering</Filter>
    </ClInclude>
    <ClInclude Include="src\Renderer.h">
      <Filter>src\Rendering</Filter>
    </ClInclude>
    <ClInclude Include="src\Texture.h">
      <Filter>src\Rendering</Filter>
    </ClInclude>
    <ClInclude Include="src\SceneNode.h">
      <Filter>src\Scene</Filter>
    </ClInclude>
    <ClInclude Include="src\RendererGL4.h">
      <Filter>src\Rendering\GL4</Filter>
    </ClInclude>
    <ClInclude Include="src\GLDebug.h">
      <Filter>src\Rendering\GL4</Filter>
    </ClInclude>
    <ClInclude Include="src\RendererPrerequisites.h">
      <Filter>src\Rendering</Filter>
    </ClInclude>
    <ClInclude Include="src\MathUtil.h">
      <Filter>src\Math</Filter>
    </ClInclude>
    <ClInclude Include="src\GLSLpreprocessor.h">
      <Filter>src\Rendering\GL4</Filter>
    </ClInclude>
    <ClInclude Include="src\TextureGL4.h">
      <Filter>src\Rendering\GL4</Filter>
    </ClInclude>
    <ClInclude Include="src\Mesh.h">
      <Filter>src\Geometry</Filter>
    </ClInclude>
    <ClInclude Include="src\Model.h">
      <Filter>src\Geometry</Filter>
    </ClInclude>
    <ClInclude Include="src\SubModel.h">
      <Filter>src\Geometry</Filter>
    </ClInclude>
    <ClInclude Include="src\ObjectName.h">
      <Filter>src\Common</Filter>
    </ClInclude>
    <ClInclude Include="src\FixedArray.h">
      <Filter>src\Common</Filter>
    </ClInclude>
    <ClInclude Include="src\OpenGLprerequisites.h">
      <Filter>src\Rendering\GL4</Filter>
    </ClInclude>
    <ClInclude Include="src\GpuBufferGL4.h">
      <Filter>src\Rendering\GL4</Filter>
    </ClInclude>
    <ClInclude Include="src\GpuBuffer.h">
      <Filter>src\Rendering</Filter>
    </ClInclude>
    <ClInclude Include="src\AdapterGL4.h">
      <Filter>src\Rendering\GL4</Filter>
    </ClInclude>
    <ClInclude Include="src\GeometryData.h">
      <Filter>src\Geometry</Filter>
    </ClInclude>
    <ClInclude Include="src\VertexInputLayout.h">
      <Filter>src\Rendering</Filter>
    </ClInclude>
    <ClInclude Include="src\GpuProgramGL4.h">
      <Filter>src\Rendering\GL4</Filter>
    </ClInclude>
    <ClInclude Include="src\GpuProgram.h">
      <Filter>src\Rendering</Filter>
    </ClInclude>
    <ClInclude Include="src\GpuProgramResource.h">
      <Filter>src\Rendering</Filter>
    </ClInclude>
    <ClInclude Include="src\GpuProgramCompilerGL4.h">
      <Filter>src\Rendering\GL4</Filter>
    </ClInclude>
    <ClInclude Include="src\GpuProgramCompiler.h">
      <Filter>src\Rendering</Filter>
    </ClInclude>
    <ClInclude Include="src\GeometryVertexLayout.h">
      <Filter>src\Rendering</Filter>
    </ClInclude>
    <ClInclude Include="src\ShaderConstantsManager.h">
      <Filter>src\Rendering</Filter>
    </ClInclude>
    <ClInclude Include="src\GpuProgramPipeline.h">
      <Filter>src\Rendering</Filter>
    </ClInclude>
    <ClInclude Include="src\GpuProgramPipelineGL4.h">
      <Filter>src\Rendering</Filter>
    </ClInclude>
    <ClInclude Include="src\TimeManager.h">
      <Filter>src\Common</Filter>
    </ClInclude>
    <ClInclude Include="src\TextureSampler.h">
      <Filter>src\Rendering</Filter>
    </ClInclude>
    <ClInclude Include="src\TextureSamplerGL4.h">
      <Filter>src\Rendering\GL4</Filter>
    </ClInclude>
    <ClInclude Include="src\Material.h">
      <Filter>src\Rendering\Materials</Filter>
    </ClInclude>
    <ClInclude Include="src\MaterialPass.h">
      <Filter>src\Rendering\Materials</Filter>
    </ClInclude>
    <ClInclude Include="src\GpuProgramResourceGL4.h">
      <Filter>src\Rendering\GL4</Filter>
    </ClInclude>
    <ClInclude Include="src\SceneNodeComponent.h">
      <Filter>src\Scene\Components</Filter>
    </ClInclude>
    <ClInclude Include="src\TransformComponent.h">
      <Filter>src\Scene\Components</Filter>
    </ClInclude>
    <ClInclude Include="src\ModelComponent.h">
      <Filter>src\Scene\Components</Filter>
    </ClInclude>
    <ClInclude Include="src\CameraComponent.h">
      <Filter>src\Scene\Components</Filter>
    </ClInclude>
    <ClInclude Include="src\SceneNodeComponentFactory.h">
      <Filter>src\Scene\Components</Filter>
    </ClInclude>
    <ClInclude Include="src\SceneManager.h">
      <Filter>src\Scene</Filter>
    </ClInclude>
  </ItemGroup>
  <ItemGroup>
    <ClCompile Include="src\StdAfx.cpp">
      <Filter>src</Filter>
    </ClCompile>
    <ClCompile Include="src\Camera.cpp">
      <Filter>src\Scene</Filter>
    </ClCompile>
    <ClCompile Include="src\ComputeOperation.cpp">
      <Filter>src\Rendering</Filter>
    </ClCompile>
    <ClCompile Include="src\FileReader.cpp">
      <Filter>src\IO</Filter>
    </ClCompile>
    <ClCompile Include="src\LoadableObject.cpp">
      <Filter>src\Common</Filter>
    </ClCompile>
    <ClCompile Include="src\lodepng.cpp">
      <Filter>src\IO</Filter>
    </ClCompile>
    <ClCompile Include="src\PathService.cpp">
      <Filter>src\IO</Filter>
    </ClCompile>
    <ClCompile Include="src\Renderer.cpp">
      <Filter>src\Rendering</Filter>
    </ClCompile>
    <ClCompile Include="src\RenderOperation.cpp">
      <Filter>src\Rendering</Filter>
    </ClCompile>
    <ClCompile Include="src\SceneNode.cpp">
      <Filter>src\Scene</Filter>
    </ClCompile>
    <ClCompile Include="src\RendererGL4.cpp">
      <Filter>src\Rendering\GL4</Filter>
    </ClCompile>
    <ClCompile Include="src\GLSLpreprocessor.cpp">
      <Filter>src\Rendering\GL4</Filter>
    </ClCompile>
    <ClCompile Include="src\TextureGL4.cpp">
      <Filter>src\Rendering\GL4</Filter>
    </ClCompile>
    <ClCompile Include="src\Mesh.cpp">
      <Filter>src\Geometry</Filter>
    </ClCompile>
    <ClCompile Include="src\Model.cpp">
      <Filter>src\Geometry</Filter>
    </ClCompile>
    <ClCompile Include="src\SubModel.cpp">
      <Filter>src\Geometry</Filter>
    </ClCompile>
    <ClCompile Include="src\ObjectName.cpp">
      <Filter>src\Common</Filter>
    </ClCompile>
    <ClCompile Include="src\GpuBufferGL4.cpp">
      <Filter>src\Rendering\GL4</Filter>
    </ClCompile>
    <ClCompile Include="src\RendererPrerequisites.cpp">
      <Filter>src\Rendering</Filter>
    </ClCompile>
    <ClCompile Include="src\GeometryData.cpp">
      <Filter>src\Geometry</Filter>
    </ClCompile>
    <ClCompile Include="src\VertexInputLayout.cpp">
      <Filter>src\Rendering</Filter>
    </ClCompile>
    <ClCompile Include="src\GpuProgramGL4.cpp">
      <Filter>src\Rendering\GL4</Filter>
    </ClCompile>
    <ClCompile Include="src\GpuProgramCompilerGL4.cpp">
      <Filter>src\Rendering\GL4</Filter>
    </ClCompile>
    <ClCompile Include="src\GeometryVertexLayout.cpp">
      <Filter>src\Rendering</Filter>
    </ClCompile>
    <ClCompile Include="src\GpuProgramPipelineGL4.cpp">
      <Filter>src\Rendering</Filter>
    </ClCompile>
    <ClCompile Include="src\ShaderConstantsManager.cpp">
      <Filter>src\Rendering</Filter>
    </ClCompile>
    <ClCompile Include="src\TimeManager.cpp">
      <Filter>src\Common</Filter>
    </ClCompile>
    <ClCompile Include="src\TextureSamplerGL4.cpp">
      <Filter>src\Rendering\GL4</Filter>
    </ClCompile>
    <ClCompile Include="src\Material.cpp">
      <Filter>src\Rendering\Materials</Filter>
    </ClCompile>
    <ClCompile Include="src\MaterialPass.cpp">
      <Filter>src\Rendering\Materials</Filter>
    </ClCompile>
    <ClCompile Include="src\SceneNodeComponent.cpp">
      <Filter>src\Scene\Components</Filter>
    </ClCompile>
    <ClCompile Include="src\TransformComponent.cpp">
      <Filter>src\Scene\Components</Filter>
    </ClCompile>
    <ClCompile Include="src\ModelComponent.cpp">
      <Filter>src\Scene\Components</Filter>
    </ClCompile>
    <ClCompile Include="src\CameraComponent.cpp">
      <Filter>src\Scene\Components</Filter>
    </ClCompile>
    <ClCompile Include="src\SceneNodeComponentFactory.cpp">
      <Filter>src\Scene\Components</Filter>
    </ClCompile>
    <ClCompile Include="src\SceneManager.cpp">
      <Filter>src\Scene</Filter>
    </ClCompile>
  </ItemGroup>
</Project>